// !$*UTF8*$!
{
	archiveVersion = 1;
	classes = {
	};
	objectVersion = 77;
	objects = {

/* Begin PBXCopyFilesBuildPhase section */
		7B49F9192CB46E3E0001979B /* Embed Libraries */ = {
			isa = PBXCopyFilesBuildPhase;
			buildActionMask = 2147483647;
			dstPath = "";
			dstSubfolderSpec = 10;
			files = (
			);
			name = "Embed Libraries";
			runOnlyForDeploymentPostprocessing = 0;
		};
/* End PBXCopyFilesBuildPhase section */

/* Begin PBXFileReference section */
		7B49F8F52CB45F200001979B /* RetroEmu.app */ = {isa = PBXFileReference; explicitFileType = wrapper.application; includeInIndex = 0; path = RetroEmu.app; sourceTree = BUILT_PRODUCTS_DIR; };
/* End PBXFileReference section */

/* Begin PBXFileSystemSynchronizedBuildFileExceptionSet section */
		7B490AB62CB882250001979B /* Exceptions for "Resources" folder in "RetroEmu" target */ = {
			isa = PBXFileSystemSynchronizedBuildFileExceptionSet;
			membershipExceptions = (
				PPSSPP/7z.png,
				PPSSPP/asciifont_atlas.meta,
				PPSSPP/asciifont_atlas.zim,
				PPSSPP/compat.ini,
				PPSSPP/compatvr.ini,
				PPSSPP/flash0/font/jpn0.pgf,
				PPSSPP/flash0/font/kr0.pgf,
				PPSSPP/flash0/font/ltn0.pgf,
				PPSSPP/flash0/font/ltn1.pgf,
				PPSSPP/flash0/font/ltn2.pgf,
				PPSSPP/flash0/font/ltn3.pgf,
				PPSSPP/flash0/font/ltn4.pgf,
				PPSSPP/flash0/font/ltn5.pgf,
				PPSSPP/flash0/font/ltn6.pgf,
				PPSSPP/flash0/font/ltn7.pgf,
				PPSSPP/flash0/font/ltn8.pgf,
				PPSSPP/flash0/font/ltn9.pgf,
				PPSSPP/flash0/font/ltn10.pgf,
				PPSSPP/flash0/font/ltn11.pgf,
				PPSSPP/flash0/font/ltn12.pgf,
				PPSSPP/flash0/font/ltn13.pgf,
				PPSSPP/flash0/font/ltn14.pgf,
				PPSSPP/flash0/font/ltn15.pgf,
				PPSSPP/font_atlas.meta,
				PPSSPP/font_atlas.zim,
				PPSSPP/gamecontrollerdb.txt,
				PPSSPP/knownfuncs.ini,
				PPSSPP/lang/.ini,
				PPSSPP/lang/ar_AE.ini,
				PPSSPP/lang/az_AZ.ini,
				PPSSPP/lang/bg_BG.ini,
				PPSSPP/lang/ca_ES.ini,
				PPSSPP/lang/cz_CZ.ini,
				PPSSPP/lang/da_DK.ini,
				PPSSPP/lang/de_DE.ini,
				PPSSPP/lang/dr_ID.ini,
				PPSSPP/lang/en_US.ini,
				PPSSPP/lang/es_ES.ini,
				PPSSPP/lang/es_LA.ini,
				PPSSPP/lang/fa_IR.ini,
				PPSSPP/lang/fi_FI.ini,
				PPSSPP/lang/fr_FR.ini,
				PPSSPP/lang/gl_ES.ini,
				PPSSPP/lang/gr_EL.ini,
				PPSSPP/lang/he_IL_invert.ini,
				PPSSPP/lang/he_IL.ini,
				PPSSPP/lang/hr_HR.ini,
				PPSSPP/lang/hu_HU.ini,
				PPSSPP/lang/id_ID.ini,
				PPSSPP/lang/it_IT.ini,
				PPSSPP/lang/ja_JP.ini,
				PPSSPP/lang/jv_ID.ini,
				PPSSPP/lang/ko_KR.ini,
				PPSSPP/lang/ku_SO.ini,
				PPSSPP/lang/lo_LA.ini,
				"PPSSPP/lang/lt-LT.ini",
				PPSSPP/lang/ms_MY.ini,
				PPSSPP/lang/nl_NL.ini,
				PPSSPP/lang/no_NO.ini,
				PPSSPP/lang/pl_PL.ini,
				PPSSPP/lang/pt_BR.ini,
				PPSSPP/lang/pt_PT.ini,
				PPSSPP/lang/README.md,
				PPSSPP/lang/ro_RO.ini,
				PPSSPP/lang/ru_RU.ini,
				PPSSPP/lang/sv_SE.ini,
				PPSSPP/lang/tg_PH.ini,
				PPSSPP/lang/th_TH.ini,
				PPSSPP/lang/tr_TR.ini,
				PPSSPP/lang/uk_UA.ini,
				PPSSPP/lang/vi_VN.ini,
				PPSSPP/lang/zh_CN.ini,
				PPSSPP/lang/zh_TW.ini,
				PPSSPP/langregion.ini,
				PPSSPP/mime/ppsspp.xml,
				PPSSPP/ppge_atlas.meta,
				PPSSPP/ppge_atlas.zim,
				PPSSPP/rargray.png,
				PPSSPP/redump.csv,
				"PPSSPP/Roboto-Condensed.ttf",
				PPSSPP/sfx_achievement_unlocked.wav,
				PPSSPP/sfx_back.wav,
				PPSSPP/sfx_confirm.wav,
				PPSSPP/sfx_leaderbord_submitted.wav,
				PPSSPP/sfx_select.wav,
				PPSSPP/sfx_toggle_off.wav,
				PPSSPP/sfx_toggle_on.wav,
				PPSSPP/shaders/4xhqglsl.fsh,
				PPSSPP/shaders/4xhqglsl.vsh,
				"PPSSPP/shaders/5xBR-lv2.fsh",
				PPSSPP/shaders/5xBR.fsh,
				PPSSPP/shaders/5xBR.vsh,
				PPSSPP/shaders/aacolor.fsh,
				PPSSPP/shaders/aacolor.vsh,
				PPSSPP/shaders/bloom.fsh,
				PPSSPP/shaders/bloomnoblur.fsh,
				PPSSPP/shaders/cartoon.fsh,
				PPSSPP/shaders/cartoon.vsh,
				PPSSPP/shaders/checkers.fsh,
				PPSSPP/shaders/colorcorrection.fsh,
				PPSSPP/shaders/crt.fsh,
				PPSSPP/shaders/defaultshaders.ini,
				PPSSPP/shaders/fakereflections.fsh,
				PPSSPP/shaders/fxaa.fsh,
				PPSSPP/shaders/fxaa.vsh,
				PPSSPP/shaders/GaussianDownscale.fsh,
				PPSSPP/shaders/natural.fsh,
				PPSSPP/shaders/natural.vsh,
				PPSSPP/shaders/naturalA.fsh,
				PPSSPP/shaders/naturalA.vsh,
				PPSSPP/shaders/persistence.fsh,
				PPSSPP/shaders/psp_color.fsh,
				PPSSPP/shaders/scanlines.fsh,
				PPSSPP/shaders/sharpen.fsh,
				PPSSPP/shaders/stereo_red_blue.fsh,
				PPSSPP/shaders/stereo_sbs.fsh,
				PPSSPP/shaders/tex_2xbrz.csh,
				PPSSPP/shaders/tex_4xbrz.csh,
				PPSSPP/shaders/tex_mmpx.csh,
				PPSSPP/shaders/upscale_bicubic.fsh,
				PPSSPP/shaders/upscale_bicubic.vsh,
				PPSSPP/shaders/upscale_spline36.fsh,
				PPSSPP/shaders/upscale_spline36.vsh,
				PPSSPP/shaders/videoAA.fsh,
				PPSSPP/shaders/vignette.fsh,
				PPSSPP/themes/1995.ini,
				PPSSPP/themes/defaultthemes.ini,
				PPSSPP/themes/slateforest.ini,
				PPSSPP/themes/vinewood.ini,
				PPSSPP/ui_atlas.meta,
				PPSSPP/ui_atlas.zim,
				PPSSPP/unknown.png,
				PPSSPP/vfpu/vfpu_asin_lut_deltas.dat,
				PPSSPP/vfpu/vfpu_asin_lut_indices.dat,
				PPSSPP/vfpu/vfpu_asin_lut65536.dat,
				PPSSPP/vfpu/vfpu_exp2_lut.dat,
				PPSSPP/vfpu/vfpu_exp2_lut65536.dat,
				PPSSPP/vfpu/vfpu_log2_lut.dat,
				PPSSPP/vfpu/vfpu_log2_lut65536_quadratic.dat,
				PPSSPP/vfpu/vfpu_log2_lut65536.dat,
				PPSSPP/vfpu/vfpu_rcp_lut.dat,
				PPSSPP/vfpu/vfpu_rsqrt_lut.dat,
				PPSSPP/vfpu/vfpu_sin_lut_delta.dat,
				PPSSPP/vfpu/vfpu_sin_lut_exceptions.dat,
				PPSSPP/vfpu/vfpu_sin_lut_interval_delta.dat,
				PPSSPP/vfpu/vfpu_sin_lut8192.dat,
				PPSSPP/vfpu/vfpu_sqrt_lut.dat,
				PPSSPP/zip.png,
			);
			target = 7B49F8F42CB45F200001979B /* RetroEmu */;
		};
		7B490AB72CB882260001979B /* Exceptions for "Lib" folder in "RetroEmu" target */ = {
			isa = PBXFileSystemSynchronizedBuildFileExceptionSet;
			membershipExceptions = (
				"ppsspp-master/.editorconfig",
				"ppsspp-master/.gitattributes",
				"ppsspp-master/.github/issue_template.md",
				"ppsspp-master/.github/ISSUE_TEMPLATE/bug.yml",
				"ppsspp-master/.github/ISSUE_TEMPLATE/build.yml",
				"ppsspp-master/.github/ISSUE_TEMPLATE/config.yml",
				"ppsspp-master/.github/ISSUE_TEMPLATE/feature.yml",
				"ppsspp-master/.github/ISSUE_TEMPLATE/graphics.yml",
				"ppsspp-master/.github/ISSUE_TEMPLATE/performance.yml",
				"ppsspp-master/.github/workflows/build.yml",
				"ppsspp-master/.github/workflows/generateDockerLayer.yml",
				"ppsspp-master/.github/workflows/manual_generate_apk.yml",
				"ppsspp-master/.github/workflows/manual_generate_ipa.yml",
				"ppsspp-master/.github/workflows/manual_generate_uwp.yml",
				"ppsspp-master/.github/workflows/tarball.yml",
				"ppsspp-master/.gitignore",
				"ppsspp-master/.gitlab-ci.yml",
				"ppsspp-master/.gitmodules",
				"ppsspp-master/.ycm_extra_conf.py",
				"ppsspp-master/android/.gitignore",
				"ppsspp-master/android/ab-ant.sh",
				"ppsspp-master/android/ab.cmd",
				"ppsspp-master/android/ab.sh",
				"ppsspp-master/android/ad.sh",
				"ppsspp-master/android/AndroidManifest.xml",
				"ppsspp-master/android/ant-build.bat",
				"ppsspp-master/android/build.gradle",
				"ppsspp-master/android/build.sh",
				"ppsspp-master/android/build.xml",
				"ppsspp-master/android/buildassets.sh",
				"ppsspp-master/android/custom_rules.xml",
				"ppsspp-master/android/d.txt",
				"ppsspp-master/android/dbg.sh",
				"ppsspp-master/android/debug.keystore",
				"ppsspp-master/android/git-version-gen.sh",
				"ppsspp-master/android/gold/res/drawable-hdpi/ic_launcher.png",
				"ppsspp-master/android/gold/res/drawable-ldpi/ic_launcher.png",
				"ppsspp-master/android/gold/res/drawable-mdpi/ic_launcher.png",
				"ppsspp-master/android/gold/res/drawable-xhdpi/ic_banner.png",
				"ppsspp-master/android/gold/res/drawable-xhdpi/ic_launcher.png",
				"ppsspp-master/android/gold/res/drawable-xxhdpi/ic_launcher.png",
				"ppsspp-master/android/gold/res/mipmap-anydpi-v26/ic_launcher_round.xml",
				"ppsspp-master/android/gold/res/mipmap-anydpi-v26/ic_launcher.xml",
				"ppsspp-master/android/gold/res/mipmap-hdpi/ic_launcher_foreground.png",
				"ppsspp-master/android/gold/res/mipmap-hdpi/ic_launcher_round.png",
				"ppsspp-master/android/gold/res/mipmap-hdpi/ic_launcher.png",
				"ppsspp-master/android/gold/res/mipmap-mdpi/ic_launcher_foreground.png",
				"ppsspp-master/android/gold/res/mipmap-mdpi/ic_launcher_round.png",
				"ppsspp-master/android/gold/res/mipmap-mdpi/ic_launcher.png",
				"ppsspp-master/android/gold/res/mipmap-xhdpi/ic_launcher_foreground.png",
				"ppsspp-master/android/gold/res/mipmap-xhdpi/ic_launcher_round.png",
				"ppsspp-master/android/gold/res/mipmap-xhdpi/ic_launcher.png",
				"ppsspp-master/android/gold/res/mipmap-xxhdpi/ic_launcher_foreground.png",
				"ppsspp-master/android/gold/res/mipmap-xxhdpi/ic_launcher_round.png",
				"ppsspp-master/android/gold/res/mipmap-xxhdpi/ic_launcher.png",
				"ppsspp-master/android/gold/res/values/ic_launcher_background.xml",
				"ppsspp-master/android/gold/res/values/strings.xml",
				"ppsspp-master/android/gradle.properties",
				"ppsspp-master/android/jni/Android.mk",
				"ppsspp-master/android/jni/AndroidAudio.cpp",
				"ppsspp-master/android/jni/AndroidJavaGLContext.cpp",
				"ppsspp-master/android/jni/AndroidVulkanContext.cpp",
				"ppsspp-master/android/jni/app-android.cpp",
				"ppsspp-master/android/jni/Application.mk",
				"ppsspp-master/android/jni/Arm64EmitterTest.cpp",
				"ppsspp-master/android/jni/ArmEmitterTest.cpp",
				"ppsspp-master/android/jni/Locals.mk",
				"ppsspp-master/android/jni/OpenSLContext.cpp",
				"ppsspp-master/android/jni/TestRunner.cpp",
				"ppsspp-master/android/legacy/conv_color.sh",
				"ppsspp-master/android/legacy/icon_color.md",
				"ppsspp-master/android/legacy/res/drawable-hdpi/ic_launcher.png",
				"ppsspp-master/android/legacy/res/drawable-mdpi/ic_launcher.png",
				"ppsspp-master/android/legacy/res/drawable-xhdpi/ic_banner.png",
				"ppsspp-master/android/legacy/res/drawable-xhdpi/ic_launcher.png",
				"ppsspp-master/android/legacy/res/drawable-xxhdpi/ic_launcher.png",
				"ppsspp-master/android/legacy/res/mipmap-anydpi-v26/ic_launcher_round.xml",
				"ppsspp-master/android/legacy/res/mipmap-anydpi-v26/ic_launcher.xml",
				"ppsspp-master/android/legacy/res/mipmap-hdpi/ic_launcher_foreground.png",
				"ppsspp-master/android/legacy/res/mipmap-hdpi/ic_launcher_round.png",
				"ppsspp-master/android/legacy/res/mipmap-hdpi/ic_launcher.png",
				"ppsspp-master/android/legacy/res/mipmap-mdpi/ic_launcher_foreground.png",
				"ppsspp-master/android/legacy/res/mipmap-mdpi/ic_launcher_round.png",
				"ppsspp-master/android/legacy/res/mipmap-mdpi/ic_launcher.png",
				"ppsspp-master/android/legacy/res/mipmap-xhdpi/ic_launcher_foreground.png",
				"ppsspp-master/android/legacy/res/mipmap-xhdpi/ic_launcher_round.png",
				"ppsspp-master/android/legacy/res/mipmap-xhdpi/ic_launcher.png",
				"ppsspp-master/android/legacy/res/mipmap-xxhdpi/ic_launcher_foreground.png",
				"ppsspp-master/android/legacy/res/mipmap-xxhdpi/ic_launcher_round.png",
				"ppsspp-master/android/legacy/res/mipmap-xxhdpi/ic_launcher.png",
				"ppsspp-master/android/legacy/res/values/ic_launcher_background.xml",
				"ppsspp-master/android/legacy/res/values/strings.xml",
				"ppsspp-master/android/libs/com.bda.controller.jar",
				"ppsspp-master/android/libs/MogaStubs/com/bda/controller/Controller.java",
				"ppsspp-master/android/libs/MogaStubs/com/bda/controller/ControllerListener.java",
				"ppsspp-master/android/libs/MogaStubs/com/bda/controller/IControllerService.java",
				"ppsspp-master/android/libs/MogaStubs/com/bda/controller/KeyEvent.java",
				"ppsspp-master/android/libs/MogaStubs/com/bda/controller/MotionEvent.java",
				"ppsspp-master/android/libs/MogaStubs/com/bda/controller/StateEvent.java",
				"ppsspp-master/android/proguard-project.txt",
				"ppsspp-master/android/project.properties",
				"ppsspp-master/android/README.TXT",
				"ppsspp-master/android/res/drawable-hdpi/ic_launcher.png",
				"ppsspp-master/android/res/drawable-mdpi/ic_launcher.png",
				"ppsspp-master/android/res/drawable-xhdpi/ic_banner.png",
				"ppsspp-master/android/res/drawable-xhdpi/ic_launcher.png",
				"ppsspp-master/android/res/drawable-xxhdpi/ic_launcher.png",
				"ppsspp-master/android/res/mipmap-anydpi-v26/ic_launcher_round.xml",
				"ppsspp-master/android/res/mipmap-anydpi-v26/ic_launcher.xml",
				"ppsspp-master/android/res/mipmap-hdpi/ic_launcher_foreground.png",
				"ppsspp-master/android/res/mipmap-hdpi/ic_launcher_round.png",
				"ppsspp-master/android/res/mipmap-hdpi/ic_launcher.png",
				"ppsspp-master/android/res/mipmap-mdpi/ic_launcher_foreground.png",
				"ppsspp-master/android/res/mipmap-mdpi/ic_launcher_round.png",
				"ppsspp-master/android/res/mipmap-mdpi/ic_launcher.png",
				"ppsspp-master/android/res/mipmap-xhdpi/ic_launcher_foreground.png",
				"ppsspp-master/android/res/mipmap-xhdpi/ic_launcher_round.png",
				"ppsspp-master/android/res/mipmap-xhdpi/ic_launcher.png",
				"ppsspp-master/android/res/mipmap-xxhdpi/ic_launcher_foreground.png",
				"ppsspp-master/android/res/mipmap-xxhdpi/ic_launcher_round.png",
				"ppsspp-master/android/res/mipmap-xxhdpi/ic_launcher.png",
				"ppsspp-master/android/res/values-v21/styles.xml",
				"ppsspp-master/android/res/values-v28/styles.xml",
				"ppsspp-master/android/res/values/analytics.xml",
				"ppsspp-master/android/res/values/ic_launcher_background.xml",
				"ppsspp-master/android/res/values/strings.xml",
				"ppsspp-master/android/res/values/styles.xml",
				"ppsspp-master/android/src/main/.gitignore",
				"ppsspp-master/android/src/main/jniLibs/.gitignore",
				"ppsspp-master/android/src/main/jniLibs/README.txt",
				"ppsspp-master/android/src/org/ppsspp/ppsspp/AudioFocusChangeListener.java",
				"ppsspp-master/android/src/org/ppsspp/ppsspp/CameraHelper.java",
				"ppsspp-master/android/src/org/ppsspp/ppsspp/InfraredHelper.java",
				"ppsspp-master/android/src/org/ppsspp/ppsspp/InputDeviceState.java",
				"ppsspp-master/android/src/org/ppsspp/ppsspp/LocationHelper.java",
				"ppsspp-master/android/src/org/ppsspp/ppsspp/MogaHack.java",
				"ppsspp-master/android/src/org/ppsspp/ppsspp/NativeActivity.java",
				"ppsspp-master/android/src/org/ppsspp/ppsspp/NativeApp.java",
				"ppsspp-master/android/src/org/ppsspp/ppsspp/NativeEGLConfigChooser.java",
				"ppsspp-master/android/src/org/ppsspp/ppsspp/NativeGLView.java",
				"ppsspp-master/android/src/org/ppsspp/ppsspp/NativeRenderer.java",
				"ppsspp-master/android/src/org/ppsspp/ppsspp/NativeSurfaceView.java",
				"ppsspp-master/android/src/org/ppsspp/ppsspp/PowerSaveModeReceiver.java",
				"ppsspp-master/android/src/org/ppsspp/ppsspp/PpssppActivity.java",
				"ppsspp-master/android/src/org/ppsspp/ppsspp/ShortcutActivity.java",
				"ppsspp-master/android/src/org/ppsspp/ppsspp/SimpleFileChooser.java",
				"ppsspp-master/android/src/org/ppsspp/ppsspp/SizeManager.java",
				"ppsspp-master/android/src/org/ppsspp/ppsspp/TextRenderer.java",
				"ppsspp-master/android/symarm.cmd",
				"ppsspp-master/android/symarm64.cmd",
				"ppsspp-master/android/symx86.cmd",
				"ppsspp-master/android/VRManifest.xml",
				"ppsspp-master/appveyor.yml",
				"ppsspp-master/asciifont_atlasscript.txt",
				"ppsspp-master/assets/7z.png",
				"ppsspp-master/assets/asciifont_atlas.meta",
				"ppsspp-master/assets/asciifont_atlas.zim",
				"ppsspp-master/assets/compat.ini",
				"ppsspp-master/assets/compatvr.ini",
				"ppsspp-master/assets/flash0/font/jpn0.pgf",
				"ppsspp-master/assets/flash0/font/kr0.pgf",
				"ppsspp-master/assets/flash0/font/ltn0.pgf",
				"ppsspp-master/assets/flash0/font/ltn1.pgf",
				"ppsspp-master/assets/flash0/font/ltn2.pgf",
				"ppsspp-master/assets/flash0/font/ltn3.pgf",
				"ppsspp-master/assets/flash0/font/ltn4.pgf",
				"ppsspp-master/assets/flash0/font/ltn5.pgf",
				"ppsspp-master/assets/flash0/font/ltn6.pgf",
				"ppsspp-master/assets/flash0/font/ltn7.pgf",
				"ppsspp-master/assets/flash0/font/ltn8.pgf",
				"ppsspp-master/assets/flash0/font/ltn9.pgf",
				"ppsspp-master/assets/flash0/font/ltn10.pgf",
				"ppsspp-master/assets/flash0/font/ltn11.pgf",
				"ppsspp-master/assets/flash0/font/ltn12.pgf",
				"ppsspp-master/assets/flash0/font/ltn13.pgf",
				"ppsspp-master/assets/flash0/font/ltn14.pgf",
				"ppsspp-master/assets/flash0/font/ltn15.pgf",
				"ppsspp-master/assets/font_atlas.meta",
				"ppsspp-master/assets/font_atlas.zim",
				"ppsspp-master/assets/gamecontrollerdb.txt",
				"ppsspp-master/assets/knownfuncs.ini",
				"ppsspp-master/assets/lang/ar_AE.ini",
				"ppsspp-master/assets/lang/az_AZ.ini",
				"ppsspp-master/assets/lang/bg_BG.ini",
				"ppsspp-master/assets/lang/ca_ES.ini",
				"ppsspp-master/assets/lang/cz_CZ.ini",
				"ppsspp-master/assets/lang/da_DK.ini",
				"ppsspp-master/assets/lang/de_DE.ini",
				"ppsspp-master/assets/lang/dr_ID.ini",
				"ppsspp-master/assets/lang/en_US.ini",
				"ppsspp-master/assets/lang/es_ES.ini",
				"ppsspp-master/assets/lang/es_LA.ini",
				"ppsspp-master/assets/lang/fa_IR.ini",
				"ppsspp-master/assets/lang/fi_FI.ini",
				"ppsspp-master/assets/lang/fr_FR.ini",
				"ppsspp-master/assets/lang/gl_ES.ini",
				"ppsspp-master/assets/lang/gr_EL.ini",
				"ppsspp-master/assets/lang/he_IL_invert.ini",
				"ppsspp-master/assets/lang/he_IL.ini",
				"ppsspp-master/assets/lang/hr_HR.ini",
				"ppsspp-master/assets/lang/hu_HU.ini",
				"ppsspp-master/assets/lang/id_ID.ini",
				"ppsspp-master/assets/lang/it_IT.ini",
				"ppsspp-master/assets/lang/ja_JP.ini",
				"ppsspp-master/assets/lang/jv_ID.ini",
				"ppsspp-master/assets/lang/ko_KR.ini",
				"ppsspp-master/assets/lang/ku_SO.ini",
				"ppsspp-master/assets/lang/lo_LA.ini",
				"ppsspp-master/assets/lang/lt-LT.ini",
				"ppsspp-master/assets/lang/ms_MY.ini",
				"ppsspp-master/assets/lang/nl_NL.ini",
				"ppsspp-master/assets/lang/no_NO.ini",
				"ppsspp-master/assets/lang/pl_PL.ini",
				"ppsspp-master/assets/lang/pt_BR.ini",
				"ppsspp-master/assets/lang/pt_PT.ini",
				"ppsspp-master/assets/lang/README.md",
				"ppsspp-master/assets/lang/ro_RO.ini",
				"ppsspp-master/assets/lang/ru_RU.ini",
				"ppsspp-master/assets/lang/sv_SE.ini",
				"ppsspp-master/assets/lang/tg_PH.ini",
				"ppsspp-master/assets/lang/th_TH.ini",
				"ppsspp-master/assets/lang/tr_TR.ini",
				"ppsspp-master/assets/lang/uk_UA.ini",
				"ppsspp-master/assets/lang/vi_VN.ini",
				"ppsspp-master/assets/lang/zh_CN.ini",
				"ppsspp-master/assets/lang/zh_TW.ini",
				"ppsspp-master/assets/langregion.ini",
				"ppsspp-master/assets/mime/ppsspp.xml",
				"ppsspp-master/assets/ppge_atlas.meta",
				"ppsspp-master/assets/ppge_atlas.zim",
				"ppsspp-master/assets/rargray.png",
				"ppsspp-master/assets/redump.csv",
				"ppsspp-master/assets/Roboto-Condensed.ttf",
				"ppsspp-master/assets/sfx_achievement_unlocked.wav",
				"ppsspp-master/assets/sfx_back.wav",
				"ppsspp-master/assets/sfx_confirm.wav",
				"ppsspp-master/assets/sfx_leaderbord_submitted.wav",
				"ppsspp-master/assets/sfx_select.wav",
				"ppsspp-master/assets/sfx_toggle_off.wav",
				"ppsspp-master/assets/sfx_toggle_on.wav",
				"ppsspp-master/assets/shaders/4xhqglsl.fsh",
				"ppsspp-master/assets/shaders/4xhqglsl.vsh",
				"ppsspp-master/assets/shaders/5xBR-lv2.fsh",
				"ppsspp-master/assets/shaders/5xBR.fsh",
				"ppsspp-master/assets/shaders/5xBR.vsh",
				"ppsspp-master/assets/shaders/aacolor.fsh",
				"ppsspp-master/assets/shaders/aacolor.vsh",
				"ppsspp-master/assets/shaders/bloom.fsh",
				"ppsspp-master/assets/shaders/bloomnoblur.fsh",
				"ppsspp-master/assets/shaders/cartoon.fsh",
				"ppsspp-master/assets/shaders/cartoon.vsh",
				"ppsspp-master/assets/shaders/checkers.fsh",
				"ppsspp-master/assets/shaders/colorcorrection.fsh",
				"ppsspp-master/assets/shaders/crt.fsh",
				"ppsspp-master/assets/shaders/defaultshaders.ini",
				"ppsspp-master/assets/shaders/fakereflections.fsh",
				"ppsspp-master/assets/shaders/fxaa.fsh",
				"ppsspp-master/assets/shaders/fxaa.vsh",
				"ppsspp-master/assets/shaders/GaussianDownscale.fsh",
				"ppsspp-master/assets/shaders/natural.fsh",
				"ppsspp-master/assets/shaders/natural.vsh",
				"ppsspp-master/assets/shaders/naturalA.fsh",
				"ppsspp-master/assets/shaders/naturalA.vsh",
				"ppsspp-master/assets/shaders/persistence.fsh",
				"ppsspp-master/assets/shaders/psp_color.fsh",
				"ppsspp-master/assets/shaders/scanlines.fsh",
				"ppsspp-master/assets/shaders/sharpen.fsh",
				"ppsspp-master/assets/shaders/stereo_red_blue.fsh",
				"ppsspp-master/assets/shaders/stereo_sbs.fsh",
				"ppsspp-master/assets/shaders/tex_2xbrz.csh",
				"ppsspp-master/assets/shaders/tex_4xbrz.csh",
				"ppsspp-master/assets/shaders/tex_mmpx.csh",
				"ppsspp-master/assets/shaders/upscale_bicubic.fsh",
				"ppsspp-master/assets/shaders/upscale_bicubic.vsh",
				"ppsspp-master/assets/shaders/upscale_spline36.fsh",
				"ppsspp-master/assets/shaders/upscale_spline36.vsh",
				"ppsspp-master/assets/shaders/videoAA.fsh",
				"ppsspp-master/assets/shaders/vignette.fsh",
				"ppsspp-master/assets/themes/1995.ini",
				"ppsspp-master/assets/themes/defaultthemes.ini",
				"ppsspp-master/assets/themes/slateforest.ini",
				"ppsspp-master/assets/themes/vinewood.ini",
				"ppsspp-master/assets/ui_atlas.meta",
				"ppsspp-master/assets/ui_atlas.zim",
				"ppsspp-master/assets/unknown.png",
				"ppsspp-master/assets/vfpu/vfpu_asin_lut_deltas.dat",
				"ppsspp-master/assets/vfpu/vfpu_asin_lut_indices.dat",
				"ppsspp-master/assets/vfpu/vfpu_asin_lut65536.dat",
				"ppsspp-master/assets/vfpu/vfpu_exp2_lut.dat",
				"ppsspp-master/assets/vfpu/vfpu_exp2_lut65536.dat",
				"ppsspp-master/assets/vfpu/vfpu_log2_lut.dat",
				"ppsspp-master/assets/vfpu/vfpu_log2_lut65536_quadratic.dat",
				"ppsspp-master/assets/vfpu/vfpu_log2_lut65536.dat",
				"ppsspp-master/assets/vfpu/vfpu_rcp_lut.dat",
				"ppsspp-master/assets/vfpu/vfpu_rsqrt_lut.dat",
				"ppsspp-master/assets/vfpu/vfpu_sin_lut_delta.dat",
				"ppsspp-master/assets/vfpu/vfpu_sin_lut_exceptions.dat",
				"ppsspp-master/assets/vfpu/vfpu_sin_lut_interval_delta.dat",
				"ppsspp-master/assets/vfpu/vfpu_sin_lut8192.dat",
				"ppsspp-master/assets/vfpu/vfpu_sqrt_lut.dat",
				"ppsspp-master/assets/zip.png",
				"ppsspp-master/b-appstore.sh",
				"ppsspp-master/b.sh",
				"ppsspp-master/build_ppgeatlas.sh",
				"ppsspp-master/build.gradle",
				"ppsspp-master/buildatlas.sh",
				"ppsspp-master/cmake/Modules/ccache.cmake",
				"ppsspp-master/cmake/Modules/FindFFmpeg.cmake",
				"ppsspp-master/cmake/Modules/FindLIBZIP.cmake",
				"ppsspp-master/cmake/Modules/FindMINIUPNPC.cmake",
				"ppsspp-master/cmake/Modules/FindSnappy.cmake",
				"ppsspp-master/cmake/Modules/FindWayland.cmake",
				"ppsspp-master/cmake/Modules/FindZSTD.cmake",
				"ppsspp-master/cmake/sdl/FindSDL2.cmake",
				"ppsspp-master/cmake/Toolchains/beagleboard.cmake",
				"ppsspp-master/cmake/Toolchains/generic.armv7.cmake",
				"ppsspp-master/cmake/Toolchains/ios.cmake",
				"ppsspp-master/cmake/Toolchains/nvidiajetsonsdl.armv8.cmake",
				"ppsspp-master/cmake/Toolchains/raspberry.armv6.cmake",
				"ppsspp-master/cmake/Toolchains/raspberry.armv7.cmake",
				"ppsspp-master/cmake/Toolchains/raspberry.armv8.cmake",
				"ppsspp-master/cmake/Toolchains/vero4k.armv8.cmake",
				"ppsspp-master/CMakeLists.txt",
				"ppsspp-master/Common/ABI.cpp",
				"ppsspp-master/Common/Arm64Emitter.cpp",
				"ppsspp-master/Common/ArmCPUDetect.cpp",
				"ppsspp-master/Common/ArmEmitter.cpp",
				"ppsspp-master/Common/Battery/AppleBatteryClient.m",
				"ppsspp-master/Common/Buffer.cpp",
				"ppsspp-master/Common/Common.vcxproj",
				"ppsspp-master/Common/Common.vcxproj.filters",
				"ppsspp-master/Common/CPUDetect.cpp",
				"ppsspp-master/Common/Crypto/md5.cpp",
				"ppsspp-master/Common/Crypto/sha1.cpp",
				"ppsspp-master/Common/Crypto/sha256.cpp",
				"ppsspp-master/Common/Data/Color/RGBAUtil.cpp",
				"ppsspp-master/Common/Data/Convert/ColorConv.cpp",
				"ppsspp-master/Common/Data/Convert/SmallDataConvert.cpp",
				"ppsspp-master/Common/Data/Encoding/Base64.cpp",
				"ppsspp-master/Common/Data/Encoding/Compression.cpp",
				"ppsspp-master/Common/Data/Encoding/Utf8.cpp",
				"ppsspp-master/Common/Data/Format/DDSLoad.cpp",
				"ppsspp-master/Common/Data/Format/IniFile.cpp",
				"ppsspp-master/Common/Data/Format/JSONReader.cpp",
				"ppsspp-master/Common/Data/Format/JSONWriter.cpp",
				"ppsspp-master/Common/Data/Format/PNGLoad.cpp",
				"ppsspp-master/Common/Data/Format/RIFF.cpp",
				"ppsspp-master/Common/Data/Format/ZIMLoad.cpp",
				"ppsspp-master/Common/Data/Format/ZIMSave.cpp",
				"ppsspp-master/Common/Data/Hash/Hash.cpp",
				"ppsspp-master/Common/Data/Text/I18n.cpp",
				"ppsspp-master/Common/Data/Text/Parsers.cpp",
				"ppsspp-master/Common/Data/Text/WrapText.cpp",
				"ppsspp-master/Common/ExceptionHandlerSetup.cpp",
				"ppsspp-master/Common/FakeCPUDetect.cpp",
				"ppsspp-master/Common/File/AndroidContentURI.cpp",
				"ppsspp-master/Common/File/AndroidStorage.cpp",
				"ppsspp-master/Common/File/DirListing.cpp",
				"ppsspp-master/Common/File/DiskFree.cpp",
				"ppsspp-master/Common/File/FileDescriptor.cpp",
				"ppsspp-master/Common/File/FileUtil.cpp",
				"ppsspp-master/Common/File/Path.cpp",
				"ppsspp-master/Common/File/PathBrowser.cpp",
				"ppsspp-master/Common/File/VFS/DirectoryReader.cpp",
				"ppsspp-master/Common/File/VFS/VFS.cpp",
				"ppsspp-master/Common/File/VFS/ZipFileReader.cpp",
				"ppsspp-master/Common/GPU/D3D9/D3D9ShaderCompiler.cpp",
				"ppsspp-master/Common/GPU/D3D9/D3D9StateCache.cpp",
				"ppsspp-master/Common/GPU/D3D9/D3DCompilerLoader.cpp",
				"ppsspp-master/Common/GPU/D3D9/thin3d_d3d9.cpp",
				"ppsspp-master/Common/GPU/D3D11/D3D11Loader.cpp",
				"ppsspp-master/Common/GPU/D3D11/thin3d_d3d11.cpp",
				"ppsspp-master/Common/GPU/GPUBackendCommon.cpp",
				"ppsspp-master/Common/GPU/OpenGL/DataFormatGL.cpp",
				"ppsspp-master/Common/GPU/OpenGL/gl3stub.c",
				"ppsspp-master/Common/GPU/OpenGL/GLDebugLog.cpp",
				"ppsspp-master/Common/GPU/OpenGL/GLFeatures.cpp",
				"ppsspp-master/Common/GPU/OpenGL/GLFrameData.cpp",
				"ppsspp-master/Common/GPU/OpenGL/GLMemory.cpp",
				"ppsspp-master/Common/GPU/OpenGL/GLQueueRunner.cpp",
				"ppsspp-master/Common/GPU/OpenGL/GLRenderManager.cpp",
				"ppsspp-master/Common/GPU/OpenGL/GLSLProgram.cpp",
				"ppsspp-master/Common/GPU/OpenGL/thin3d_gl.cpp",
				"ppsspp-master/Common/GPU/Shader.cpp",
				"ppsspp-master/Common/GPU/ShaderTranslation.cpp",
				"ppsspp-master/Common/GPU/ShaderWriter.cpp",
				"ppsspp-master/Common/GPU/thin3d.cpp",
				"ppsspp-master/Common/GPU/Vulkan/thin3d_vulkan.cpp",
				"ppsspp-master/Common/GPU/Vulkan/VulkanBarrier.cpp",
				"ppsspp-master/Common/GPU/Vulkan/VulkanContext.cpp",
				"ppsspp-master/Common/GPU/Vulkan/VulkanDebug.cpp",
				"ppsspp-master/Common/GPU/Vulkan/VulkanDescSet.cpp",
				"ppsspp-master/Common/GPU/Vulkan/VulkanFramebuffer.cpp",
				"ppsspp-master/Common/GPU/Vulkan/VulkanFrameData.cpp",
				"ppsspp-master/Common/GPU/Vulkan/VulkanImage.cpp",
				"ppsspp-master/Common/GPU/Vulkan/VulkanLoader.cpp",
				"ppsspp-master/Common/GPU/Vulkan/VulkanMemory.cpp",
				"ppsspp-master/Common/GPU/Vulkan/VulkanProfiler.cpp",
				"ppsspp-master/Common/GPU/Vulkan/VulkanQueueRunner.cpp",
				"ppsspp-master/Common/GPU/Vulkan/VulkanRenderManager.cpp",
				"ppsspp-master/Common/Input/GestureDetector.cpp",
				"ppsspp-master/Common/Input/InputState.cpp",
				"ppsspp-master/Common/Log.cpp",
				"ppsspp-master/Common/Log/ConsoleListener.cpp",
				"ppsspp-master/Common/Log/LogManager.cpp",
				"ppsspp-master/Common/Log/StdioListener.cpp",
				"ppsspp-master/Common/LogReporting.cpp",
				"ppsspp-master/Common/LoongArchCPUDetect.cpp",
				"ppsspp-master/Common/Math/curves.cpp",
				"ppsspp-master/Common/Math/expression_parser.cpp",
				"ppsspp-master/Common/Math/fast/fast_matrix.c",
				"ppsspp-master/Common/Math/lin/matrix4x4.cpp",
				"ppsspp-master/Common/Math/lin/vec3.cpp",
				"ppsspp-master/Common/Math/math_util.cpp",
				"ppsspp-master/Common/Math/Statistics.cpp",
				"ppsspp-master/Common/MemArenaAndroid.cpp",
				"ppsspp-master/Common/MemArenaDarwin.cpp",
				"ppsspp-master/Common/MemArenaHorizon.cpp",
				"ppsspp-master/Common/MemArenaPosix.cpp",
				"ppsspp-master/Common/MemArenaWin32.cpp",
				"ppsspp-master/Common/MemoryUtil.cpp",
				"ppsspp-master/Common/MemoryUtilHorizon.cpp",
				"ppsspp-master/Common/MipsCPUDetect.cpp",
				"ppsspp-master/Common/MipsEmitter.cpp",
				"ppsspp-master/Common/Net/HTTPClient.cpp",
				"ppsspp-master/Common/Net/HTTPHeaders.cpp",
				"ppsspp-master/Common/Net/HTTPNaettRequest.cpp",
				"ppsspp-master/Common/Net/HTTPRequest.cpp",
				"ppsspp-master/Common/Net/HTTPServer.cpp",
				"ppsspp-master/Common/Net/NetBuffer.cpp",
				"ppsspp-master/Common/Net/Resolve.cpp",
				"ppsspp-master/Common/Net/Sinks.cpp",
				"ppsspp-master/Common/Net/URL.cpp",
				"ppsspp-master/Common/Net/WebsocketServer.cpp",
				"ppsspp-master/Common/OSVersion.cpp",
				"ppsspp-master/Common/Profiler/Profiler.cpp",
				"ppsspp-master/Common/Render/DrawBuffer.cpp",
				"ppsspp-master/Common/Render/ManagedTexture.cpp",
				"ppsspp-master/Common/Render/Text/draw_text_android.cpp",
				"ppsspp-master/Common/Render/Text/draw_text_cocoa.mm",
				"ppsspp-master/Common/Render/Text/draw_text_qt.cpp",
				"ppsspp-master/Common/Render/Text/draw_text_sdl.cpp",
				"ppsspp-master/Common/Render/Text/draw_text_uwp.cpp",
				"ppsspp-master/Common/Render/Text/draw_text_win.cpp",
				"ppsspp-master/Common/Render/Text/draw_text.cpp",
				"ppsspp-master/Common/Render/TextureAtlas.cpp",
				"ppsspp-master/Common/RiscVCPUDetect.cpp",
				"ppsspp-master/Common/RiscVEmitter.cpp",
				"ppsspp-master/Common/Serialize/Serializer.cpp",
				"ppsspp-master/Common/StringUtils.cpp",
				"ppsspp-master/Common/SysError.cpp",
				"ppsspp-master/Common/System/Display.cpp",
				"ppsspp-master/Common/System/OSD.cpp",
				"ppsspp-master/Common/System/Request.cpp",
				"ppsspp-master/Common/Thread/ParallelLoop.cpp",
				"ppsspp-master/Common/Thread/ThreadManager.cpp",
				"ppsspp-master/Common/Thread/ThreadUtil.cpp",
				"ppsspp-master/Common/Thunk.cpp",
				"ppsspp-master/Common/TimeUtil.cpp",
				"ppsspp-master/Common/UI/AsyncImageFileView.cpp",
				"ppsspp-master/Common/UI/Context.cpp",
				"ppsspp-master/Common/UI/IconCache.cpp",
				"ppsspp-master/Common/UI/PopupScreens.cpp",
				"ppsspp-master/Common/UI/Root.cpp",
				"ppsspp-master/Common/UI/Screen.cpp",
				"ppsspp-master/Common/UI/ScrollView.cpp",
				"ppsspp-master/Common/UI/Tween.cpp",
				"ppsspp-master/Common/UI/UI.cpp",
				"ppsspp-master/Common/UI/UIScreen.cpp",
				"ppsspp-master/Common/UI/View.cpp",
				"ppsspp-master/Common/UI/ViewGroup.cpp",
				"ppsspp-master/Common/VR/OpenXRLoader.cpp",
				"ppsspp-master/Common/VR/PPSSPPVR.cpp",
				"ppsspp-master/Common/VR/VRBase.cpp",
				"ppsspp-master/Common/VR/VRFramebuffer.cpp",
				"ppsspp-master/Common/VR/VRInput.cpp",
				"ppsspp-master/Common/VR/VRMath.cpp",
				"ppsspp-master/Common/VR/VRRenderer.cpp",
				"ppsspp-master/Common/x64Analyzer.cpp",
				"ppsspp-master/Common/x64Emitter.cpp",
				"ppsspp-master/copyrelease.sh",
				"ppsspp-master/Core/AVIDump.cpp",
				"ppsspp-master/Core/Compatibility.cpp",
				"ppsspp-master/Core/Config.cpp",
				"ppsspp-master/Core/ConfigSettings.cpp",
				"ppsspp-master/Core/ControlMapper.cpp",
				"ppsspp-master/Core/Core.cpp",
				"ppsspp-master/Core/Core.vcxproj",
				"ppsspp-master/Core/Core.vcxproj.filters",
				"ppsspp-master/Core/CoreTiming.cpp",
				"ppsspp-master/Core/CwCheat.cpp",
				"ppsspp-master/Core/Debugger/Breakpoints.cpp",
				"ppsspp-master/Core/Debugger/DisassemblyManager.cpp",
				"ppsspp-master/Core/Debugger/MemBlockInfo.cpp",
				"ppsspp-master/Core/Debugger/SymbolMap.cpp",
				"ppsspp-master/Core/Debugger/WebSocket.cpp",
				"ppsspp-master/Core/Debugger/WebSocket/BreakpointSubscriber.cpp",
				"ppsspp-master/Core/Debugger/WebSocket/ClientConfigSubscriber.cpp",
				"ppsspp-master/Core/Debugger/WebSocket/CPUCoreSubscriber.cpp",
				"ppsspp-master/Core/Debugger/WebSocket/DisasmSubscriber.cpp",
				"ppsspp-master/Core/Debugger/WebSocket/GameBroadcaster.cpp",
				"ppsspp-master/Core/Debugger/WebSocket/GameSubscriber.cpp",
				"ppsspp-master/Core/Debugger/WebSocket/GPUBufferSubscriber.cpp",
				"ppsspp-master/Core/Debugger/WebSocket/GPURecordSubscriber.cpp",
				"ppsspp-master/Core/Debugger/WebSocket/GPUStatsSubscriber.cpp",
				"ppsspp-master/Core/Debugger/WebSocket/HLESubscriber.cpp",
				"ppsspp-master/Core/Debugger/WebSocket/InputBroadcaster.cpp",
				"ppsspp-master/Core/Debugger/WebSocket/InputSubscriber.cpp",
				"ppsspp-master/Core/Debugger/WebSocket/LogBroadcaster.cpp",
				"ppsspp-master/Core/Debugger/WebSocket/MemoryInfoSubscriber.cpp",
				"ppsspp-master/Core/Debugger/WebSocket/MemorySubscriber.cpp",
				"ppsspp-master/Core/Debugger/WebSocket/ReplaySubscriber.cpp",
				"ppsspp-master/Core/Debugger/WebSocket/SteppingBroadcaster.cpp",
				"ppsspp-master/Core/Debugger/WebSocket/SteppingSubscriber.cpp",
				"ppsspp-master/Core/Debugger/WebSocket/WebSocketUtils.cpp",
				"ppsspp-master/Core/Dialog/PSPDialog.cpp",
				"ppsspp-master/Core/Dialog/PSPGamedataInstallDialog.cpp",
				"ppsspp-master/Core/Dialog/PSPMsgDialog.cpp",
				"ppsspp-master/Core/Dialog/PSPNetconfDialog.cpp",
				"ppsspp-master/Core/Dialog/PSPNpSigninDialog.cpp",
				"ppsspp-master/Core/Dialog/PSPOskDialog.cpp",
				"ppsspp-master/Core/Dialog/PSPPlaceholderDialog.cpp",
				"ppsspp-master/Core/Dialog/PSPSaveDialog.cpp",
				"ppsspp-master/Core/Dialog/PSPScreenshotDialog.cpp",
				"ppsspp-master/Core/Dialog/SavedataParam.cpp",
				"ppsspp-master/Core/ELF/ElfReader.cpp",
				"ppsspp-master/Core/ELF/ParamSFO.cpp",
				"ppsspp-master/Core/ELF/PBPReader.cpp",
				"ppsspp-master/Core/ELF/PrxDecrypter.cpp",
				"ppsspp-master/Core/FileLoaders/CachingFileLoader.cpp",
				"ppsspp-master/Core/FileLoaders/DiskCachingFileLoader.cpp",
				"ppsspp-master/Core/FileLoaders/HTTPFileLoader.cpp",
				"ppsspp-master/Core/FileLoaders/LocalFileLoader.cpp",
				"ppsspp-master/Core/FileLoaders/RamCachingFileLoader.cpp",
				"ppsspp-master/Core/FileLoaders/RetryingFileLoader.cpp",
				"ppsspp-master/Core/FileSystems/BlobFileSystem.cpp",
				"ppsspp-master/Core/FileSystems/BlockDevices.cpp",
				"ppsspp-master/Core/FileSystems/DirectoryFileSystem.cpp",
				"ppsspp-master/Core/FileSystems/FileSystem.cpp",
				"ppsspp-master/Core/FileSystems/ISOFileSystem.cpp",
				"ppsspp-master/Core/FileSystems/MetaFileSystem.cpp",
				"ppsspp-master/Core/FileSystems/tlzrc.cpp",
				"ppsspp-master/Core/FileSystems/VirtualDiscFileSystem.cpp",
				"ppsspp-master/Core/Font/PGF.cpp",
				"ppsspp-master/Core/FrameTiming.cpp",
				"ppsspp-master/Core/HDRemaster.cpp",
				"ppsspp-master/Core/HLE/__sceAudio.cpp",
				"ppsspp-master/Core/HLE/AtracCtx.cpp",
				"ppsspp-master/Core/HLE/AtracCtx2.cpp",
				"ppsspp-master/Core/HLE/HLE.cpp",
				"ppsspp-master/Core/HLE/HLEHelperThread.cpp",
				"ppsspp-master/Core/HLE/HLETables.cpp",
				"ppsspp-master/Core/HLE/KUBridge.cpp",
				"ppsspp-master/Core/HLE/Plugins.cpp",
				"ppsspp-master/Core/HLE/proAdhoc.cpp",
				"ppsspp-master/Core/HLE/proAdhocServer.cpp",
				"ppsspp-master/Core/HLE/ReplaceTables.cpp",
				"ppsspp-master/Core/HLE/sceAdler.cpp",
				"ppsspp-master/Core/HLE/sceAtrac.cpp",
				"ppsspp-master/Core/HLE/sceAudio.cpp",
				"ppsspp-master/Core/HLE/sceAudiocodec.cpp",
				"ppsspp-master/Core/HLE/sceAudioRouting.cpp",
				"ppsspp-master/Core/HLE/sceCcc.cpp",
				"ppsspp-master/Core/HLE/sceChnnlsv.cpp",
				"ppsspp-master/Core/HLE/sceCtrl.cpp",
				"ppsspp-master/Core/HLE/sceDeflt.cpp",
				"ppsspp-master/Core/HLE/sceDisplay.cpp",
				"ppsspp-master/Core/HLE/sceDmac.cpp",
				"ppsspp-master/Core/HLE/sceFont.cpp",
				"ppsspp-master/Core/HLE/sceG729.cpp",
				"ppsspp-master/Core/HLE/sceGameUpdate.cpp",
				"ppsspp-master/Core/HLE/sceGe.cpp",
				"ppsspp-master/Core/HLE/sceHeap.cpp",
				"ppsspp-master/Core/HLE/sceHprm.cpp",
				"ppsspp-master/Core/HLE/sceHttp.cpp",
				"ppsspp-master/Core/HLE/sceImpose.cpp",
				"ppsspp-master/Core/HLE/sceIo.cpp",
				"ppsspp-master/Core/HLE/sceJpeg.cpp",
				"ppsspp-master/Core/HLE/sceKernel.cpp",
				"ppsspp-master/Core/HLE/sceKernelAlarm.cpp",
				"ppsspp-master/Core/HLE/sceKernelEventFlag.cpp",
				"ppsspp-master/Core/HLE/sceKernelHeap.cpp",
				"ppsspp-master/Core/HLE/sceKernelInterrupt.cpp",
				"ppsspp-master/Core/HLE/sceKernelMbx.cpp",
				"ppsspp-master/Core/HLE/sceKernelMemory.cpp",
				"ppsspp-master/Core/HLE/sceKernelModule.cpp",
				"ppsspp-master/Core/HLE/sceKernelMsgPipe.cpp",
				"ppsspp-master/Core/HLE/sceKernelMutex.cpp",
				"ppsspp-master/Core/HLE/sceKernelSemaphore.cpp",
				"ppsspp-master/Core/HLE/sceKernelThread.cpp",
				"ppsspp-master/Core/HLE/sceKernelTime.cpp",
				"ppsspp-master/Core/HLE/sceKernelVTimer.cpp",
				"ppsspp-master/Core/HLE/sceMd5.cpp",
				"ppsspp-master/Core/HLE/sceMp3.cpp",
				"ppsspp-master/Core/HLE/sceMp4.cpp",
				"ppsspp-master/Core/HLE/sceMpeg.cpp",
				"ppsspp-master/Core/HLE/sceMt19937.cpp",
				"ppsspp-master/Core/HLE/sceNet.cpp",
				"ppsspp-master/Core/HLE/sceNetAdhoc.cpp",
				"ppsspp-master/Core/HLE/sceNp.cpp",
				"ppsspp-master/Core/HLE/sceNp2.cpp",
				"ppsspp-master/Core/HLE/sceOpenPSID.cpp",
				"ppsspp-master/Core/HLE/sceP3da.cpp",
				"ppsspp-master/Core/HLE/sceParseHttp.cpp",
				"ppsspp-master/Core/HLE/sceParseUri.cpp",
				"ppsspp-master/Core/HLE/scePauth.cpp",
				"ppsspp-master/Core/HLE/scePower.cpp",
				"ppsspp-master/Core/HLE/scePsmf.cpp",
				"ppsspp-master/Core/HLE/scePspNpDrm_user.cpp",
				"ppsspp-master/Core/HLE/sceRtc.cpp",
				"ppsspp-master/Core/HLE/sceSas.cpp",
				"ppsspp-master/Core/HLE/sceSfmt19937.cpp",
				"ppsspp-master/Core/HLE/sceSha256.cpp",
				"ppsspp-master/Core/HLE/sceSircs.cpp",
				"ppsspp-master/Core/HLE/sceSsl.cpp",
				"ppsspp-master/Core/HLE/sceUmd.cpp",
				"ppsspp-master/Core/HLE/sceUsb.cpp",
				"ppsspp-master/Core/HLE/sceUsbAcc.cpp",
				"ppsspp-master/Core/HLE/sceUsbCam.cpp",
				"ppsspp-master/Core/HLE/sceUsbGps.cpp",
				"ppsspp-master/Core/HLE/sceUsbMic.cpp",
				"ppsspp-master/Core/HLE/sceUtility.cpp",
				"ppsspp-master/Core/HLE/sceVaudio.cpp",
				"ppsspp-master/Core/HW/AsyncIOManager.cpp",
				"ppsspp-master/Core/HW/Atrac3Standalone.cpp",
				"ppsspp-master/Core/HW/BufferQueue.cpp",
				"ppsspp-master/Core/HW/Camera.cpp",
				"ppsspp-master/Core/HW/Display.cpp",
				"ppsspp-master/Core/HW/MediaEngine.cpp",
				"ppsspp-master/Core/HW/MemoryStick.cpp",
				"ppsspp-master/Core/HW/MpegDemux.cpp",
				"ppsspp-master/Core/HW/SasAudio.cpp",
				"ppsspp-master/Core/HW/SasReverb.cpp",
				"ppsspp-master/Core/HW/SimpleAudioDec.cpp",
				"ppsspp-master/Core/HW/StereoResampler.cpp",
				"ppsspp-master/Core/Instance.cpp",
				"ppsspp-master/Core/KeyMap.cpp",
				"ppsspp-master/Core/KeyMapDefaults.cpp",
				"ppsspp-master/Core/Loaders.cpp",
				"ppsspp-master/Core/MemFault.cpp",
				"ppsspp-master/Core/MemMap.cpp",
				"ppsspp-master/Core/MemMapFunctions.cpp",
				"ppsspp-master/Core/MIPS/ARM/ArmAsm.cpp",
				"ppsspp-master/Core/MIPS/ARM/ArmCompALU.cpp",
				"ppsspp-master/Core/MIPS/ARM/ArmCompBranch.cpp",
				"ppsspp-master/Core/MIPS/ARM/ArmCompFPU.cpp",
				"ppsspp-master/Core/MIPS/ARM/ArmCompLoadStore.cpp",
				"ppsspp-master/Core/MIPS/ARM/ArmCompReplace.cpp",
				"ppsspp-master/Core/MIPS/ARM/ArmCompVFPU.cpp",
				"ppsspp-master/Core/MIPS/ARM/ArmCompVFPUNEON.cpp",
				"ppsspp-master/Core/MIPS/ARM/ArmCompVFPUNEONUtil.cpp",
				"ppsspp-master/Core/MIPS/ARM/ArmJit.cpp",
				"ppsspp-master/Core/MIPS/ARM/ArmRegCache.cpp",
				"ppsspp-master/Core/MIPS/ARM/ArmRegCacheFPU.cpp",
				"ppsspp-master/Core/MIPS/ARM64/Arm64Asm.cpp",
				"ppsspp-master/Core/MIPS/ARM64/Arm64CompALU.cpp",
				"ppsspp-master/Core/MIPS/ARM64/Arm64CompBranch.cpp",
				"ppsspp-master/Core/MIPS/ARM64/Arm64CompFPU.cpp",
				"ppsspp-master/Core/MIPS/ARM64/Arm64CompLoadStore.cpp",
				"ppsspp-master/Core/MIPS/ARM64/Arm64CompReplace.cpp",
				"ppsspp-master/Core/MIPS/ARM64/Arm64CompVFPU.cpp",
				"ppsspp-master/Core/MIPS/ARM64/Arm64IRAsm.cpp",
				"ppsspp-master/Core/MIPS/ARM64/Arm64IRCompALU.cpp",
				"ppsspp-master/Core/MIPS/ARM64/Arm64IRCompBranch.cpp",
				"ppsspp-master/Core/MIPS/ARM64/Arm64IRCompFPU.cpp",
				"ppsspp-master/Core/MIPS/ARM64/Arm64IRCompLoadStore.cpp",
				"ppsspp-master/Core/MIPS/ARM64/Arm64IRCompSystem.cpp",
				"ppsspp-master/Core/MIPS/ARM64/Arm64IRCompVec.cpp",
				"ppsspp-master/Core/MIPS/ARM64/Arm64IRJit.cpp",
				"ppsspp-master/Core/MIPS/ARM64/Arm64IRRegCache.cpp",
				"ppsspp-master/Core/MIPS/ARM64/Arm64Jit.cpp",
				"ppsspp-master/Core/MIPS/ARM64/Arm64RegCache.cpp",
				"ppsspp-master/Core/MIPS/ARM64/Arm64RegCacheFPU.cpp",
				"ppsspp-master/Core/MIPS/fake/FakeJit.cpp",
				"ppsspp-master/Core/MIPS/IR/IRAnalysis.cpp",
				"ppsspp-master/Core/MIPS/IR/IRAsm.cpp",
				"ppsspp-master/Core/MIPS/IR/IRCompALU.cpp",
				"ppsspp-master/Core/MIPS/IR/IRCompBranch.cpp",
				"ppsspp-master/Core/MIPS/IR/IRCompFPU.cpp",
				"ppsspp-master/Core/MIPS/IR/IRCompLoadStore.cpp",
				"ppsspp-master/Core/MIPS/IR/IRCompVFPU.cpp",
				"ppsspp-master/Core/MIPS/IR/IRFrontend.cpp",
				"ppsspp-master/Core/MIPS/IR/IRInst.cpp",
				"ppsspp-master/Core/MIPS/IR/IRInterpreter.cpp",
				"ppsspp-master/Core/MIPS/IR/IRJit.cpp",
				"ppsspp-master/Core/MIPS/IR/IRNativeCommon.cpp",
				"ppsspp-master/Core/MIPS/IR/IRPassSimplify.cpp",
				"ppsspp-master/Core/MIPS/IR/IRRegCache.cpp",
				"ppsspp-master/Core/MIPS/JitCommon/JitBlockCache.cpp",
				"ppsspp-master/Core/MIPS/JitCommon/JitCommon.cpp",
				"ppsspp-master/Core/MIPS/JitCommon/JitState.cpp",
				"ppsspp-master/Core/MIPS/MIPS.cpp",
				"ppsspp-master/Core/MIPS/MIPS/MipsJit.cpp",
				"ppsspp-master/Core/MIPS/MIPSAnalyst.cpp",
				"ppsspp-master/Core/MIPS/MIPSAsm.cpp",
				"ppsspp-master/Core/MIPS/MIPSCodeUtils.cpp",
				"ppsspp-master/Core/MIPS/MIPSDebugInterface.cpp",
				"ppsspp-master/Core/MIPS/MIPSDis.cpp",
				"ppsspp-master/Core/MIPS/MIPSDisVFPU.cpp",
				"ppsspp-master/Core/MIPS/MIPSInt.cpp",
				"ppsspp-master/Core/MIPS/MIPSIntVFPU.cpp",
				"ppsspp-master/Core/MIPS/MIPSStackWalk.cpp",
				"ppsspp-master/Core/MIPS/MIPSTables.cpp",
				"ppsspp-master/Core/MIPS/MIPSTracer.cpp",
				"ppsspp-master/Core/MIPS/MIPSVFPUFallbacks.cpp",
				"ppsspp-master/Core/MIPS/MIPSVFPUUtils.cpp",
				"ppsspp-master/Core/MIPS/RiscV/RiscVAsm.cpp",
				"ppsspp-master/Core/MIPS/RiscV/RiscVCompALU.cpp",
				"ppsspp-master/Core/MIPS/RiscV/RiscVCompBranch.cpp",
				"ppsspp-master/Core/MIPS/RiscV/RiscVCompFPU.cpp",
				"ppsspp-master/Core/MIPS/RiscV/RiscVCompLoadStore.cpp",
				"ppsspp-master/Core/MIPS/RiscV/RiscVCompSystem.cpp",
				"ppsspp-master/Core/MIPS/RiscV/RiscVCompVec.cpp",
				"ppsspp-master/Core/MIPS/RiscV/RiscVJit.cpp",
				"ppsspp-master/Core/MIPS/RiscV/RiscVRegCache.cpp",
				"ppsspp-master/Core/MIPS/x86/Asm.cpp",
				"ppsspp-master/Core/MIPS/x86/CompALU.cpp",
				"ppsspp-master/Core/MIPS/x86/CompBranch.cpp",
				"ppsspp-master/Core/MIPS/x86/CompFPU.cpp",
				"ppsspp-master/Core/MIPS/x86/CompLoadStore.cpp",
				"ppsspp-master/Core/MIPS/x86/CompReplace.cpp",
				"ppsspp-master/Core/MIPS/x86/CompVFPU.cpp",
				"ppsspp-master/Core/MIPS/x86/Jit.cpp",
				"ppsspp-master/Core/MIPS/x86/JitSafeMem.cpp",
				"ppsspp-master/Core/MIPS/x86/RegCache.cpp",
				"ppsspp-master/Core/MIPS/x86/RegCacheFPU.cpp",
				"ppsspp-master/Core/MIPS/x86/X64IRAsm.cpp",
				"ppsspp-master/Core/MIPS/x86/X64IRCompALU.cpp",
				"ppsspp-master/Core/MIPS/x86/X64IRCompBranch.cpp",
				"ppsspp-master/Core/MIPS/x86/X64IRCompFPU.cpp",
				"ppsspp-master/Core/MIPS/x86/X64IRCompLoadStore.cpp",
				"ppsspp-master/Core/MIPS/x86/X64IRCompSystem.cpp",
				"ppsspp-master/Core/MIPS/x86/X64IRCompVec.cpp",
				"ppsspp-master/Core/MIPS/x86/X64IRJit.cpp",
				"ppsspp-master/Core/MIPS/x86/X64IRRegCache.cpp",
				"ppsspp-master/Core/PSPLoaders.cpp",
				"ppsspp-master/Core/Replay.cpp",
				"ppsspp-master/Core/Reporting.cpp",
				"ppsspp-master/Core/RetroAchievements.cpp",
				"ppsspp-master/Core/SaveState.cpp",
				"ppsspp-master/Core/Screenshot.cpp",
				"ppsspp-master/Core/System.cpp",
				"ppsspp-master/Core/ThreadPools.cpp",
				"ppsspp-master/Core/TiltEventProcessor.cpp",
				"ppsspp-master/Core/Util/AudioFormat.cpp",
				"ppsspp-master/Core/Util/BlockAllocator.cpp",
				"ppsspp-master/Core/Util/DisArm64.cpp",
				"ppsspp-master/Core/Util/GameDB.cpp",
				"ppsspp-master/Core/Util/GameManager.cpp",
				"ppsspp-master/Core/Util/MemStick.cpp",
				"ppsspp-master/Core/Util/PortManager.cpp",
				"ppsspp-master/Core/Util/PPGeDraw.cpp",
				"ppsspp-master/Core/Util/VulkanEmuThread.cpp",
				"ppsspp-master/Core/WaveFile.cpp",
				"ppsspp-master/Core/WebServer.cpp",
				"ppsspp-master/Dockerfile",
				"ppsspp-master/ext/.gitignore",
				"ppsspp-master/ext/at3_standalone/atrac.cpp",
				"ppsspp-master/ext/at3_standalone/atrac3.cpp",
				"ppsspp-master/ext/at3_standalone/atrac3plus.cpp",
				"ppsspp-master/ext/at3_standalone/atrac3plusdec.cpp",
				"ppsspp-master/ext/at3_standalone/atrac3plusdsp.cpp",
				"ppsspp-master/ext/at3_standalone/CMakeLists.txt",
				"ppsspp-master/ext/at3_standalone/compat.cpp",
				"ppsspp-master/ext/at3_standalone/fft.cpp",
				"ppsspp-master/ext/at3_standalone/get_bits.cpp",
				"ppsspp-master/ext/at3_standalone/mem.cpp",
				"ppsspp-master/ext/at3_standalone/README.txt",
				"ppsspp-master/ext/basis_universal/basisu_transcoder_tables_astc_0_255.inc",
				"ppsspp-master/ext/basis_universal/basisu_transcoder_tables_astc.inc",
				"ppsspp-master/ext/basis_universal/basisu_transcoder_tables_atc_55.inc",
				"ppsspp-master/ext/basis_universal/basisu_transcoder_tables_atc_56.inc",
				"ppsspp-master/ext/basis_universal/basisu_transcoder_tables_bc7_m5_alpha.inc",
				"ppsspp-master/ext/basis_universal/basisu_transcoder_tables_bc7_m5_color.inc",
				"ppsspp-master/ext/basis_universal/basisu_transcoder_tables_dxt1_5.inc",
				"ppsspp-master/ext/basis_universal/basisu_transcoder_tables_dxt1_6.inc",
				"ppsspp-master/ext/basis_universal/basisu_transcoder_tables_pvrtc2_45.inc",
				"ppsspp-master/ext/basis_universal/basisu_transcoder_tables_pvrtc2_alpha_33.inc",
				"ppsspp-master/ext/basis_universal/basisu_transcoder.cpp",
				"ppsspp-master/ext/cityhash/city.cpp",
				"ppsspp-master/ext/cityhash/COPYING",
				"ppsspp-master/ext/cityhash/README",
				"ppsspp-master/ext/cmake/armips/CMakeLists.txt",
				"ppsspp-master/ext/cmake/cpu_features/CMakeLists.txt",
				"ppsspp-master/ext/CMakeLists.txt",
				"ppsspp-master/ext/cpu_features.vcxproj",
				"ppsspp-master/ext/cpu_features.vcxproj.filters",
				"ppsspp-master/ext/disarm.cpp",
				"ppsspp-master/ext/discord-rpc-build/CMakeLists.txt",
				"ppsspp-master/ext/discord-rpc-build/discord-rpc.vcxproj",
				"ppsspp-master/ext/discord-rpc-build/discord-rpc.vcxproj.filters",
				"ppsspp-master/ext/gason/gason.cpp",
				"ppsspp-master/ext/gason/LICENSE",
				"ppsspp-master/ext/glew/CMakeLists.txt",
				"ppsspp-master/ext/glew/glew.c",
				"ppsspp-master/ext/glew/glewinfo.c",
				"ppsspp-master/ext/glew/visualinfo.c",
				"ppsspp-master/ext/glslang-build/Android.mk",
				"ppsspp-master/ext/glslang.vcxproj",
				"ppsspp-master/ext/glslang.vcxproj.filters",
				"ppsspp-master/ext/jpge/jpgd.cpp",
				"ppsspp-master/ext/jpge/jpge.cpp",
				"ppsspp-master/ext/jpge/README.md",
				"ppsspp-master/ext/libarmips.vcxproj",
				"ppsspp-master/ext/libarmips.vcxproj.filters",
				"ppsspp-master/ext/libchdr-build/CMakeLists.txt",
				"ppsspp-master/ext/libchdr.vcxproj",
				"ppsspp-master/ext/libchdr.vcxproj.filters",
				"ppsspp-master/ext/libkirk/AES.c",
				"ppsspp-master/ext/libkirk/amctrl.c",
				"ppsspp-master/ext/libkirk/bn.c",
				"ppsspp-master/ext/libkirk/CMakeLists.txt",
				"ppsspp-master/ext/libkirk/ec.c",
				"ppsspp-master/ext/libkirk/kirk_engine.c",
				"ppsspp-master/ext/libkirk/libkirk.vcxproj",
				"ppsspp-master/ext/libkirk/libkirk.vcxproj.filters",
				"ppsspp-master/ext/libkirk/SHA1.c",
				"ppsspp-master/ext/libpng17/arm/arm_init.c",
				"ppsspp-master/ext/libpng17/arm/filter_neon_intrinsics.c",
				"ppsspp-master/ext/libpng17/arm/filter_neon.S",
				"ppsspp-master/ext/libpng17/CMakeLists.txt",
				"ppsspp-master/ext/libpng17/png.c",
				"ppsspp-master/ext/libpng17/pngerror.c",
				"ppsspp-master/ext/libpng17/pngget.c",
				"ppsspp-master/ext/libpng17/pngmem.c",
				"ppsspp-master/ext/libpng17/pngpread.c",
				"ppsspp-master/ext/libpng17/pngread.c",
				"ppsspp-master/ext/libpng17/pngrio.c",
				"ppsspp-master/ext/libpng17/pngrtran.c",
				"ppsspp-master/ext/libpng17/pngrutil.c",
				"ppsspp-master/ext/libpng17/pngset.c",
				"ppsspp-master/ext/libpng17/pngtest.c",
				"ppsspp-master/ext/libpng17/pngtrans.c",
				"ppsspp-master/ext/libpng17/pngwio.c",
				"ppsspp-master/ext/libpng17/pngwrite.c",
				"ppsspp-master/ext/libpng17/pngwtran.c",
				"ppsspp-master/ext/libpng17/pngwutil.c",
				"ppsspp-master/ext/libzip/Android.mk",
				"ppsspp-master/ext/libzip/CMakeLists.txt",
				"ppsspp-master/ext/libzip/libzip.la",
				"ppsspp-master/ext/libzip/zip_add_dir.c",
				"ppsspp-master/ext/libzip/zip_add_entry.c",
				"ppsspp-master/ext/libzip/zip_add.c",
				"ppsspp-master/ext/libzip/zip_algorithm_deflate.c",
				"ppsspp-master/ext/libzip/zip_buffer.c",
				"ppsspp-master/ext/libzip/zip_close.c",
				"ppsspp-master/ext/libzip/zip_delete.c",
				"ppsspp-master/ext/libzip/zip_dir_add.c",
				"ppsspp-master/ext/libzip/zip_dirent.c",
				"ppsspp-master/ext/libzip/zip_discard.c",
				"ppsspp-master/ext/libzip/zip_entry.c",
				"ppsspp-master/ext/libzip/zip_err_str.c",
				"ppsspp-master/ext/libzip/zip_error_clear.c",
				"ppsspp-master/ext/libzip/zip_error_get_sys_type.c",
				"ppsspp-master/ext/libzip/zip_error_get.c",
				"ppsspp-master/ext/libzip/zip_error_strerror.c",
				"ppsspp-master/ext/libzip/zip_error_to_str.c",
				"ppsspp-master/ext/libzip/zip_error.c",
				"ppsspp-master/ext/libzip/zip_extra_field_api.c",
				"ppsspp-master/ext/libzip/zip_extra_field.c",
				"ppsspp-master/ext/libzip/zip_fclose.c",
				"ppsspp-master/ext/libzip/zip_fdopen.c",
				"ppsspp-master/ext/libzip/zip_file_add.c",
				"ppsspp-master/ext/libzip/zip_file_error_clear.c",
				"ppsspp-master/ext/libzip/zip_file_error_get.c",
				"ppsspp-master/ext/libzip/zip_file_get_comment.c",
				"ppsspp-master/ext/libzip/zip_file_get_external_attributes.c",
				"ppsspp-master/ext/libzip/zip_file_get_offset.c",
				"ppsspp-master/ext/libzip/zip_file_rename.c",
				"ppsspp-master/ext/libzip/zip_file_replace.c",
				"ppsspp-master/ext/libzip/zip_file_set_comment.c",
				"ppsspp-master/ext/libzip/zip_file_set_encryption.c",
				"ppsspp-master/ext/libzip/zip_file_set_external_attributes.c",
				"ppsspp-master/ext/libzip/zip_file_set_mtime.c",
				"ppsspp-master/ext/libzip/zip_file_strerror.c",
				"ppsspp-master/ext/libzip/zip_fopen_encrypted.c",
				"ppsspp-master/ext/libzip/zip_fopen_index_encrypted.c",
				"ppsspp-master/ext/libzip/zip_fopen_index.c",
				"ppsspp-master/ext/libzip/zip_fopen.c",
				"ppsspp-master/ext/libzip/zip_fread.c",
				"ppsspp-master/ext/libzip/zip_fseek.c",
				"ppsspp-master/ext/libzip/zip_ftell.c",
				"ppsspp-master/ext/libzip/zip_get_archive_comment.c",
				"ppsspp-master/ext/libzip/zip_get_archive_flag.c",
				"ppsspp-master/ext/libzip/zip_get_encryption_implementation.c",
				"ppsspp-master/ext/libzip/zip_get_file_comment.c",
				"ppsspp-master/ext/libzip/zip_get_name.c",
				"ppsspp-master/ext/libzip/zip_get_num_entries.c",
				"ppsspp-master/ext/libzip/zip_get_num_files.c",
				"ppsspp-master/ext/libzip/zip_hash.c",
				"ppsspp-master/ext/libzip/zip_io_util.c",
				"ppsspp-master/ext/libzip/zip_libzip_version.c",
				"ppsspp-master/ext/libzip/zip_memdup.c",
				"ppsspp-master/ext/libzip/zip_mkstempm.c",
				"ppsspp-master/ext/libzip/zip_name_locate.c",
				"ppsspp-master/ext/libzip/zip_new.c",
				"ppsspp-master/ext/libzip/zip_open.c",
				"ppsspp-master/ext/libzip/zip_pkware.c",
				"ppsspp-master/ext/libzip/zip_progress.c",
				"ppsspp-master/ext/libzip/zip_random_unix.c",
				"ppsspp-master/ext/libzip/zip_random_uwp.c",
				"ppsspp-master/ext/libzip/zip_random_win32.c",
				"ppsspp-master/ext/libzip/zip_rename.c",
				"ppsspp-master/ext/libzip/zip_replace.c",
				"ppsspp-master/ext/libzip/zip_set_archive_comment.c",
				"ppsspp-master/ext/libzip/zip_set_archive_flag.c",
				"ppsspp-master/ext/libzip/zip_set_default_password.c",
				"ppsspp-master/ext/libzip/zip_set_file_comment.c",
				"ppsspp-master/ext/libzip/zip_set_file_compression.c",
				"ppsspp-master/ext/libzip/zip_set_name.c",
				"ppsspp-master/ext/libzip/zip_source_accept_empty.c",
				"ppsspp-master/ext/libzip/zip_source_begin_write_cloning.c",
				"ppsspp-master/ext/libzip/zip_source_begin_write.c",
				"ppsspp-master/ext/libzip/zip_source_buffer.c",
				"ppsspp-master/ext/libzip/zip_source_call.c",
				"ppsspp-master/ext/libzip/zip_source_close.c",
				"ppsspp-master/ext/libzip/zip_source_commit_write.c",
				"ppsspp-master/ext/libzip/zip_source_compress.c",
				"ppsspp-master/ext/libzip/zip_source_crc.c",
				"ppsspp-master/ext/libzip/zip_source_error.c",
				"ppsspp-master/ext/libzip/zip_source_file_common.c",
				"ppsspp-master/ext/libzip/zip_source_file_stdio_named.c",
				"ppsspp-master/ext/libzip/zip_source_file_stdio.c",
				"ppsspp-master/ext/libzip/zip_source_file_win32_ansi.c",
				"ppsspp-master/ext/libzip/zip_source_file_win32_named.c",
				"ppsspp-master/ext/libzip/zip_source_file_win32_utf8.c",
				"ppsspp-master/ext/libzip/zip_source_file_win32_utf16.c",
				"ppsspp-master/ext/libzip/zip_source_file_win32.c",
				"ppsspp-master/ext/libzip/zip_source_free.c",
				"ppsspp-master/ext/libzip/zip_source_function.c",
				"ppsspp-master/ext/libzip/zip_source_get_file_attributes.c",
				"ppsspp-master/ext/libzip/zip_source_is_deleted.c",
				"ppsspp-master/ext/libzip/zip_source_layered.c",
				"ppsspp-master/ext/libzip/zip_source_open.c",
				"ppsspp-master/ext/libzip/zip_source_pkware_decode.c",
				"ppsspp-master/ext/libzip/zip_source_pkware_encode.c",
				"ppsspp-master/ext/libzip/zip_source_read.c",
				"ppsspp-master/ext/libzip/zip_source_remove.c",
				"ppsspp-master/ext/libzip/zip_source_rollback_write.c",
				"ppsspp-master/ext/libzip/zip_source_seek_write.c",
				"ppsspp-master/ext/libzip/zip_source_seek.c",
				"ppsspp-master/ext/libzip/zip_source_stat.c",
				"ppsspp-master/ext/libzip/zip_source_supports.c",
				"ppsspp-master/ext/libzip/zip_source_tell_write.c",
				"ppsspp-master/ext/libzip/zip_source_tell.c",
				"ppsspp-master/ext/libzip/zip_source_window.c",
				"ppsspp-master/ext/libzip/zip_source_write.c",
				"ppsspp-master/ext/libzip/zip_source_zip_new.c",
				"ppsspp-master/ext/libzip/zip_source_zip.c",
				"ppsspp-master/ext/libzip/zip_stat_index.c",
				"ppsspp-master/ext/libzip/zip_stat_init.c",
				"ppsspp-master/ext/libzip/zip_stat.c",
				"ppsspp-master/ext/libzip/zip_strerror.c",
				"ppsspp-master/ext/libzip/zip_string.c",
				"ppsspp-master/ext/libzip/zip_unchange_all.c",
				"ppsspp-master/ext/libzip/zip_unchange_archive.c",
				"ppsspp-master/ext/libzip/zip_unchange_data.c",
				"ppsspp-master/ext/libzip/zip_unchange.c",
				"ppsspp-master/ext/libzip/zip_utf-8.c",
				"ppsspp-master/ext/libzstd.vcxproj",
				"ppsspp-master/ext/minimp3/CMakeLists.txt",
				"ppsspp-master/ext/minimp3/minimp3.cpp",
				"ppsspp-master/ext/miniupnp-build/Android.mk",
				"ppsspp-master/ext/miniupnpc.vcxproj",
				"ppsspp-master/ext/miniupnpc.vcxproj.filters",
				"ppsspp-master/ext/naett-build/CMakeLists.txt",
				"ppsspp-master/ext/native/.gitignore",
				"ppsspp-master/ext/native/tools/.gitignore",
				"ppsspp-master/ext/native/tools/.project",
				"ppsspp-master/ext/native/tools/atlastool.cpp",
				"ppsspp-master/ext/native/tools/atlastool/atlastool.vcxproj",
				"ppsspp-master/ext/native/tools/b.sh",
				"ppsspp-master/ext/native/tools/CMakeLists.txt",
				"ppsspp-master/ext/native/tools/README.txt",
				"ppsspp-master/ext/native/tools/zimtool.cpp",
				"ppsspp-master/ext/native/tools/zimtool/zimtool.vcxproj",
				"ppsspp-master/ext/native/tools/zimtool/zimtool.vcxproj.filters",
				"ppsspp-master/ext/rcheevos-build/CMakeLists.txt",
				"ppsspp-master/ext/rcheevos-build/rcheevos.vcxproj",
				"ppsspp-master/ext/rcheevos-build/rcheevos.vcxproj.filters",
				"ppsspp-master/ext/riscv-disas.cpp",
				"ppsspp-master/ext/sfmt19937/SFMT.c",
				"ppsspp-master/ext/sha1/CMakeLists.txt",
				"ppsspp-master/ext/sha1/sha1.cpp",
				"ppsspp-master/ext/snappy/AUTHORS",
				"ppsspp-master/ext/snappy/CMakeLists.txt",
				"ppsspp-master/ext/snappy/COPYING",
				"ppsspp-master/ext/snappy/readme.ppsspp.txt",
				"ppsspp-master/ext/snappy/snappy-c.cpp",
				"ppsspp-master/ext/snappy/snappy-sinksource.cpp",
				"ppsspp-master/ext/snappy/snappy-stubs-internal.cpp",
				"ppsspp-master/ext/snappy/snappy.cpp",
				"ppsspp-master/ext/SPIRV-Cross-build/CMakeLists.txt",
				"ppsspp-master/ext/SPIRV-Cross.vcxproj",
				"ppsspp-master/ext/SPIRV-Cross.vcxproj.filters",
				"ppsspp-master/ext/udis86/CMakeLists.txt",
				"ppsspp-master/ext/udis86/decode.c",
				"ppsspp-master/ext/udis86/itab.c",
				"ppsspp-master/ext/udis86/LICENSE",
				"ppsspp-master/ext/udis86/syn-att.c",
				"ppsspp-master/ext/udis86/syn-intel.c",
				"ppsspp-master/ext/udis86/syn.c",
				"ppsspp-master/ext/udis86/udis86.c",
				"ppsspp-master/ext/vma/vk_mem_alloc.cpp",
				"ppsspp-master/ext/vulkan/iOS/Frameworks/libMoltenVK.dylib",
				"ppsspp-master/ext/vulkan/libvulkan.so",
				"ppsspp-master/ext/vulkan/libvulkan.so.1",
				"ppsspp-master/ext/vulkan/libvulkan.so.1.3.236",
				"ppsspp-master/ext/vulkan/macOS/Frameworks/libMoltenVK.dylib",
				"ppsspp-master/ext/xbrz/xbrz.cpp",
				"ppsspp-master/ext/xxhash.c",
				"ppsspp-master/ext/zlib/adler32.c",
				"ppsspp-master/ext/zlib/ChangeLog",
				"ppsspp-master/ext/zlib/CMakeLists.txt",
				"ppsspp-master/ext/zlib/compress.c",
				"ppsspp-master/ext/zlib/crc32.c",
				"ppsspp-master/ext/zlib/deflate.c",
				"ppsspp-master/ext/zlib/gzclose.c",
				"ppsspp-master/ext/zlib/gzlib.c",
				"ppsspp-master/ext/zlib/gzread.c",
				"ppsspp-master/ext/zlib/gzwrite.c",
				"ppsspp-master/ext/zlib/infback.c",
				"ppsspp-master/ext/zlib/inffast.c",
				"ppsspp-master/ext/zlib/inflate.c",
				"ppsspp-master/ext/zlib/inftrees.c",
				"ppsspp-master/ext/zlib/make_vms.com",
				"ppsspp-master/ext/zlib/README",
				"ppsspp-master/ext/zlib/trees.c",
				"ppsspp-master/ext/zlib/uncompr.c",
				"ppsspp-master/ext/zlib/zlib.vcxproj",
				"ppsspp-master/ext/zlib/zlib.vcxproj.filters",
				"ppsspp-master/ext/zlib/zutil.c",
				"ppsspp-master/ext/zstd-build/CMakeLists.txt",
				"ppsspp-master/font_atlasscript.txt",
				"ppsspp-master/git-version.cmake",
				"ppsspp-master/GPU/Common/DepalettizeShaderCommon.cpp",
				"ppsspp-master/GPU/Common/DepthBufferCommon.cpp",
				"ppsspp-master/GPU/Common/Draw2D.cpp",
				"ppsspp-master/GPU/Common/DrawEngineCommon.cpp",
				"ppsspp-master/GPU/Common/FragmentShaderGenerator.cpp",
				"ppsspp-master/GPU/Common/FramebufferManagerCommon.cpp",
				"ppsspp-master/GPU/Common/GeometryShaderGenerator.cpp",
				"ppsspp-master/GPU/Common/GPUDebugInterface.cpp",
				"ppsspp-master/GPU/Common/GPUStateUtils.cpp",
				"ppsspp-master/GPU/Common/IndexGenerator.cpp",
				"ppsspp-master/GPU/Common/PostShader.cpp",
				"ppsspp-master/GPU/Common/PresentationCommon.cpp",
				"ppsspp-master/GPU/Common/ReinterpretFramebuffer.cpp",
				"ppsspp-master/GPU/Common/ReplacedTexture.cpp",
				"ppsspp-master/GPU/Common/ShaderCommon.cpp",
				"ppsspp-master/GPU/Common/ShaderId.cpp",
				"ppsspp-master/GPU/Common/ShaderUniforms.cpp",
				"ppsspp-master/GPU/Common/SoftwareTransformCommon.cpp",
				"ppsspp-master/GPU/Common/SplineCommon.cpp",
				"ppsspp-master/GPU/Common/StencilCommon.cpp",
				"ppsspp-master/GPU/Common/TextureCacheCommon.cpp",
				"ppsspp-master/GPU/Common/TextureDecoder.cpp",
				"ppsspp-master/GPU/Common/TextureReplacer.cpp",
				"ppsspp-master/GPU/Common/TextureScalerCommon.cpp",
				"ppsspp-master/GPU/Common/TextureShaderCommon.cpp",
				"ppsspp-master/GPU/Common/TransformCommon.cpp",
				"ppsspp-master/GPU/Common/VertexDecoderArm.cpp",
				"ppsspp-master/GPU/Common/VertexDecoderArm64.cpp",
				"ppsspp-master/GPU/Common/VertexDecoderCommon.cpp",
				"ppsspp-master/GPU/Common/VertexDecoderHandwritten.cpp",
				"ppsspp-master/GPU/Common/VertexDecoderRiscV.cpp",
				"ppsspp-master/GPU/Common/VertexDecoderX86.cpp",
				"ppsspp-master/GPU/Common/VertexShaderGenerator.cpp",
				"ppsspp-master/GPU/D3D11/D3D11Util.cpp",
				"ppsspp-master/GPU/D3D11/DrawEngineD3D11.cpp",
				"ppsspp-master/GPU/D3D11/FramebufferManagerD3D11.cpp",
				"ppsspp-master/GPU/D3D11/GPU_D3D11.cpp",
				"ppsspp-master/GPU/D3D11/ShaderManagerD3D11.cpp",
				"ppsspp-master/GPU/D3D11/StateMappingD3D11.cpp",
				"ppsspp-master/GPU/D3D11/TextureCacheD3D11.cpp",
				"ppsspp-master/GPU/Debugger/Breakpoints.cpp",
				"ppsspp-master/GPU/Debugger/Debugger.cpp",
				"ppsspp-master/GPU/Debugger/GECommandTable.cpp",
				"ppsspp-master/GPU/Debugger/Playback.cpp",
				"ppsspp-master/GPU/Debugger/Record.cpp",
				"ppsspp-master/GPU/Debugger/Stepping.cpp",
				"ppsspp-master/GPU/Directx9/DrawEngineDX9.cpp",
				"ppsspp-master/GPU/Directx9/FramebufferManagerDX9.cpp",
				"ppsspp-master/GPU/Directx9/GPU_DX9.cpp",
				"ppsspp-master/GPU/Directx9/ShaderManagerDX9.cpp",
				"ppsspp-master/GPU/Directx9/StateMappingDX9.cpp",
				"ppsspp-master/GPU/Directx9/TextureCacheDX9.cpp",
				"ppsspp-master/GPU/GeConstants.cpp",
				"ppsspp-master/GPU/GeDisasm.cpp",
				"ppsspp-master/GPU/GLES/DrawEngineGLES.cpp",
				"ppsspp-master/GPU/GLES/FragmentTestCacheGLES.cpp",
				"ppsspp-master/GPU/GLES/FramebufferManagerGLES.cpp",
				"ppsspp-master/GPU/GLES/GPU_GLES.cpp",
				"ppsspp-master/GPU/GLES/ShaderManagerGLES.cpp",
				"ppsspp-master/GPU/GLES/StateMappingGLES.cpp",
				"ppsspp-master/GPU/GLES/StencilBufferGLES.cpp",
				"ppsspp-master/GPU/GLES/TextureCacheGLES.cpp",
				"ppsspp-master/GPU/GPU.cpp",
				"ppsspp-master/GPU/GPU.vcxproj",
				"ppsspp-master/GPU/GPU.vcxproj.filters",
				"ppsspp-master/GPU/GPUCommon.cpp",
				"ppsspp-master/GPU/GPUCommonHW.cpp",
				"ppsspp-master/GPU/GPUState.cpp",
				"ppsspp-master/GPU/Math3D.cpp",
				"ppsspp-master/GPU/Software/BinManager.cpp",
				"ppsspp-master/GPU/Software/Clipper.cpp",
				"ppsspp-master/GPU/Software/DrawPixel.cpp",
				"ppsspp-master/GPU/Software/DrawPixelX86.cpp",
				"ppsspp-master/GPU/Software/FuncId.cpp",
				"ppsspp-master/GPU/Software/Lighting.cpp",
				"ppsspp-master/GPU/Software/Rasterizer.cpp",
				"ppsspp-master/GPU/Software/RasterizerRectangle.cpp",
				"ppsspp-master/GPU/Software/RasterizerRegCache.cpp",
				"ppsspp-master/GPU/Software/README.txt",
				"ppsspp-master/GPU/Software/Sampler.cpp",
				"ppsspp-master/GPU/Software/SamplerX86.cpp",
				"ppsspp-master/GPU/Software/SoftGpu.cpp",
				"ppsspp-master/GPU/Software/TransformUnit.cpp",
				"ppsspp-master/GPU/Software/trirast.txt",
				"ppsspp-master/GPU/Vulkan/DebugVisVulkan.cpp",
				"ppsspp-master/GPU/Vulkan/DrawEngineVulkan.cpp",
				"ppsspp-master/GPU/Vulkan/FramebufferManagerVulkan.cpp",
				"ppsspp-master/GPU/Vulkan/GPU_Vulkan.cpp",
				"ppsspp-master/GPU/Vulkan/PipelineManagerVulkan.cpp",
				"ppsspp-master/GPU/Vulkan/ShaderManagerVulkan.cpp",
				"ppsspp-master/GPU/Vulkan/StateMappingVulkan.cpp",
				"ppsspp-master/GPU/Vulkan/TextureCacheVulkan.cpp",
				"ppsspp-master/GPU/Vulkan/VulkanUtil.cpp",
				"ppsspp-master/gradle.properties",
				"ppsspp-master/gradle/wrapper/gradle-wrapper.jar",
				"ppsspp-master/gradle/wrapper/gradle-wrapper.properties",
				"ppsspp-master/gradlew",
				"ppsspp-master/gradlew.bat",
				"ppsspp-master/headless/Compare.cpp",
				"ppsspp-master/headless/Headless.cpp",
				"ppsspp-master/headless/headless.txt",
				"ppsspp-master/headless/Headless.vcxproj",
				"ppsspp-master/headless/Headless.vcxproj.filters",
				"ppsspp-master/headless/HeadlessHost.cpp",
				"ppsspp-master/headless/SDLHeadlessHost.cpp",
				"ppsspp-master/headless/WindowsHeadlessHost.cpp",
				"ppsspp-master/history.md",
				"ppsspp-master/icons/convert-to-png.sh",
				"ppsspp-master/icons/hicolor/16x16/apps/ppsspp.png",
				"ppsspp-master/icons/hicolor/24x24/apps/ppsspp.png",
				"ppsspp-master/icons/hicolor/32x32/apps/ppsspp.png",
				"ppsspp-master/icons/hicolor/48x48/apps/ppsspp.png",
				"ppsspp-master/icons/hicolor/64x64/apps/ppsspp.png",
				"ppsspp-master/icons/hicolor/96x96/apps/ppsspp.png",
				"ppsspp-master/icons/hicolor/128x128/apps/ppsspp.png",
				"ppsspp-master/icons/hicolor/256x256/apps/ppsspp.png",
				"ppsspp-master/icons/hicolor/512x512/apps/ppsspp.png",
				"ppsspp-master/icons/icon-16.svg",
				"ppsspp-master/icons/icon-114.png",
				"ppsspp-master/icons/icon-512.svg",
				"ppsspp-master/icons/icon.svg",
				"ppsspp-master/icons/notes.txt",
				"ppsspp-master/icons/ppsspp_gold.icns",
				"ppsspp-master/icons/ppsspp.icns",
				"ppsspp-master/ios/AppDelegate.mm",
				"ppsspp-master/ios/assets.xcassets",
				"ppsspp-master/ios/assets/Default-568h@2x.png",
				"ppsspp-master/ios/assets/Default-568h@3x.png",
				"ppsspp-master/ios/AudioEngine.mm",
				"ppsspp-master/ios/CameraHelper.mm",
				"ppsspp-master/ios/Controls.mm",
				"ppsspp-master/ios/DisplayManager.mm",
				"ppsspp-master/ios/Export.plist",
				"ppsspp-master/ios/iCade/iCadeReaderView.m",
				"ppsspp-master/ios/iosbundle.sh",
				"ppsspp-master/ios/iOSCoreAudio.mm",
				"ppsspp-master/ios/Launch Screen.storyboard",
				"ppsspp-master/ios/LocationHelper.mm",
				"ppsspp-master/ios/macbundle.sh",
				"ppsspp-master/ios/main.mm",
				"ppsspp-master/ios/PPSSPP-Info.plist",
				"ppsspp-master/ios/PPSSPPUIApplication.mm",
				"ppsspp-master/ios/README.md",
				"ppsspp-master/ios/Settings.bundle",
				"ppsspp-master/ios/SmartKeyboardMap.cpp",
				"ppsspp-master/ios/version-transform.pl",
				"ppsspp-master/ios/ViewController.mm",
				"ppsspp-master/ios/ViewControllerMetal.mm",
				"ppsspp-master/libretro/.gitignore",
				"ppsspp-master/libretro/CMakeLists.txt",
				"ppsspp-master/libretro/ext/glew/glew.c",
				"ppsspp-master/libretro/jni/Android.mk",
				"ppsspp-master/libretro/jni/Application.mk",
				"ppsspp-master/libretro/libretro_vulkan.cpp",
				"ppsspp-master/libretro/libretro.cpp",
				"ppsspp-master/libretro/libretro.def",
				"ppsspp-master/libretro/libretro.osx.def",
				"ppsspp-master/libretro/LibretroD3D11Context.cpp",
				"ppsspp-master/libretro/LibretroGLContext.cpp",
				"ppsspp-master/libretro/LibretroGLCoreContext.cpp",
				"ppsspp-master/libretro/LibretroGraphicsContext.cpp",
				"ppsspp-master/libretro/LibretroVulkanContext.cpp",
				"ppsspp-master/libretro/link.T",
				"ppsspp-master/libretro/Makefile",
				"ppsspp-master/libretro/Makefile.common",
				"ppsspp-master/libretro/README_WINDOWS.txt",
				"ppsspp-master/libretro/VSWhere.sh",
				"ppsspp-master/LICENSE.TXT",
				"ppsspp-master/link_readme.py",
				"ppsspp-master/macOS/Entitlements.plist",
				"ppsspp-master/macOS/Info.plist",
				"ppsspp-master/macOS/InfoGold.plist",
				"ppsspp-master/macOS/README.md",
				"ppsspp-master/notinstalled.txt",
				"ppsspp-master/ppge_atlasscript.txt",
				"ppsspp-master/ppsspp.desktop.in",
				"ppsspp-master/ppsspp.iss",
				"ppsspp-master/Qt/macbundle.sh",
				"ppsspp-master/Qt/mainwindow.cpp",
				"ppsspp-master/Qt/PPSSPPQt.desktop",
				"ppsspp-master/Qt/QtMain.cpp",
				"ppsspp-master/Qt/resources/breakpoint.ico",
				"ppsspp-master/Qt/resources/breakpointDisable.ico",
				"ppsspp-master/README.md",
				"ppsspp-master/scripts/makeappimage_32-bit.sh",
				"ppsspp-master/scripts/makeappimage_64-bit.sh",
				"ppsspp-master/SDL/.gitignore",
				"ppsspp-master/SDL/CocoaBarItems.mm",
				"ppsspp-master/SDL/macbundle.sh",
				"ppsspp-master/SDL/PPSSPPAboutViewController.m",
				"ppsspp-master/SDL/PPSSPPSDL.desktop",
				"ppsspp-master/SDL/README.TXT",
				"ppsspp-master/SDL/SDLCocoaMetalLayer.mm",
				"ppsspp-master/SDL/SDLGLGraphicsContext.cpp",
				"ppsspp-master/SDL/SDLJoystick.cpp",
				"ppsspp-master/SDL/SDLMain.cpp",
				"ppsspp-master/SDL/SDLMain.mm",
				"ppsspp-master/SDL/SDLVulkanGraphicsContext.cpp",
				"ppsspp-master/SDL/valgrind-wsl2.supp",
				"ppsspp-master/settings.gradle",
				"ppsspp-master/source_assets/image/1.png",
				"ppsspp-master/source_assets/image/2.png",
				"ppsspp-master/source_assets/image/3.png",
				"ppsspp-master/source_assets/image/4.png",
				"ppsspp-master/source_assets/image/5.png",
				"ppsspp-master/source_assets/image/6.png",
				"ppsspp-master/source_assets/image/a.png",
				"ppsspp-master/source_assets/image/active_item.png",
				"ppsspp-master/source_assets/image/arrow_down.png",
				"ppsspp-master/source_assets/image/arrow_left.png",
				"ppsspp-master/source_assets/image/arrow_right.png",
				"ppsspp-master/source_assets/image/arrow_up.png",
				"ppsspp-master/source_assets/image/arrow.png",
				"ppsspp-master/source_assets/image/b.png",
				"ppsspp-master/source_assets/image/background2.png",
				"ppsspp-master/source_assets/image/button_selected.png",
				"ppsspp-master/source_assets/image/button.png",
				"ppsspp-master/source_assets/image/buttons.svg",
				"ppsspp-master/source_assets/image/c.png",
				"ppsspp-master/source_assets/image/checkedbox.png",
				"ppsspp-master/source_assets/image/checkmark.png",
				"ppsspp-master/source_assets/image/circle.png",
				"ppsspp-master/source_assets/image/cross.png",
				"ppsspp-master/source_assets/image/d.png",
				"ppsspp-master/source_assets/image/dir_line.png",
				"ppsspp-master/source_assets/image/dir.png",
				"ppsspp-master/source_assets/image/dropshadow.png",
				"ppsspp-master/source_assets/image/e.png",
				"ppsspp-master/source_assets/image/empty.png",
				"ppsspp-master/source_assets/image/exe.png",
				"ppsspp-master/source_assets/image/f.png",
				"ppsspp-master/source_assets/image/fast_forward.png",
				"ppsspp-master/source_assets/image/flag_as.png",
				"ppsspp-master/source_assets/image/flag_eu.png",
				"ppsspp-master/source_assets/image/flag_hk.png",
				"ppsspp-master/source_assets/image/flag_jp.png",
				"ppsspp-master/source_assets/image/flag_ko.png",
				"ppsspp-master/source_assets/image/flag_us.png",
				"ppsspp-master/source_assets/image/folder_line.png",
				"ppsspp-master/source_assets/image/folder_open_line.png",
				"ppsspp-master/source_assets/image/folder.png",
				"ppsspp-master/source_assets/image/fullscreen.png",
				"ppsspp-master/source_assets/image/gear.png",
				"ppsspp-master/source_assets/image/gear2.png",
				"ppsspp-master/source_assets/image/grid.png",
				"ppsspp-master/source_assets/image/home.png",
				"ppsspp-master/source_assets/image/icon_gold_72.png",
				"ppsspp-master/source_assets/image/icon_gold.png",
				"ppsspp-master/source_assets/image/icon_regular_72.png",
				"ppsspp-master/source_assets/image/icon_regular.png",
				"ppsspp-master/source_assets/image/inactive_item.png",
				"ppsspp-master/source_assets/image/info.png",
				"ppsspp-master/source_assets/image/L.png",
				"ppsspp-master/source_assets/image/lines.png",
				"ppsspp-master/source_assets/image/logo.png",
				"ppsspp-master/source_assets/image/logo.svg",
				"ppsspp-master/source_assets/image/pause.png",
				"ppsspp-master/source_assets/image/play.png",
				"ppsspp-master/source_assets/image/plus.png",
				"ppsspp-master/source_assets/image/psp_display.png",
				"ppsspp-master/source_assets/image/R.png",
				"ppsspp-master/source_assets/image/radio_off.png",
				"ppsspp-master/source_assets/image/radio_on.png",
				"ppsspp-master/source_assets/image/record.png",
				"ppsspp-master/source_assets/image/rect_line.png",
				"ppsspp-master/source_assets/image/rect.png",
				"ppsspp-master/source_assets/image/restore.png",
				"ppsspp-master/source_assets/image/retroachievements_logo.png",
				"ppsspp-master/source_assets/image/rotate_left.png",
				"ppsspp-master/source_assets/image/rotate_right.png",
				"ppsspp-master/source_assets/image/round_line.png",
				"ppsspp-master/source_assets/image/round.png",
				"ppsspp-master/source_assets/image/sdcard.png",
				"ppsspp-master/source_assets/image/select.png",
				"ppsspp-master/source_assets/image/shoulder_line.png",
				"ppsspp-master/source_assets/image/shoulder.png",
				"ppsspp-master/source_assets/image/sliders.png",
				"ppsspp-master/source_assets/image/speaker_max.png",
				"ppsspp-master/source_assets/image/speaker_off.png",
				"ppsspp-master/source_assets/image/speaker.png",
				"ppsspp-master/source_assets/image/square_shape_line.png",
				"ppsspp-master/source_assets/image/square_shape.png",
				"ppsspp-master/source_assets/image/square.png",
				"ppsspp-master/source_assets/image/start.png",
				"ppsspp-master/source_assets/image/stick_bg_line.png",
				"ppsspp-master/source_assets/image/stick_bg.png",
				"ppsspp-master/source_assets/image/stick_line.png",
				"ppsspp-master/source_assets/image/stick.png",
				"ppsspp-master/source_assets/image/stop.png",
				"ppsspp-master/source_assets/image/three_dots.png",
				"ppsspp-master/source_assets/image/trashcan.png",
				"ppsspp-master/source_assets/image/triangle.png",
				"ppsspp-master/source_assets/image/up_line.png",
				"ppsspp-master/source_assets/image/updir.png",
				"ppsspp-master/source_assets/image/warning.png",
				"ppsspp-master/source_assets/image/winner_cup.png",
				"ppsspp-master/source_assets/image/zip.pdn",
				"ppsspp-master/source_assets/ziptest.zip",
				"ppsspp-master/tesselationhwON-mesa3drun.sh",
				"ppsspp-master/test.py",
				"ppsspp-master/Tools/langtool/.gitignore",
				"ppsspp-master/Tools/langtool/Cargo.lock",
				"ppsspp-master/Tools/langtool/Cargo.toml",
				"ppsspp-master/Tools/langtool/README.md",
				"ppsspp-master/Tools/langtool/src/inifile.rs",
				"ppsspp-master/Tools/langtool/src/main.rs",
				"ppsspp-master/Tools/langtool/src/section.rs",
				"ppsspp-master/Tools/langtool/unused-euristic.sh",
				"ppsspp-master/Tools/SaveTool/decrypt.c",
				"ppsspp-master/Tools/SaveTool/encrypt.c",
				"ppsspp-master/Tools/SaveTool/hash.c",
				"ppsspp-master/Tools/SaveTool/kernelcall.prx",
				"ppsspp-master/Tools/SaveTool/kernelcall/kernelcall.c",
				"ppsspp-master/Tools/SaveTool/kernelcall/Makefile",
				"ppsspp-master/Tools/SaveTool/main.c",
				"ppsspp-master/Tools/SaveTool/Makefile",
				"ppsspp-master/Tools/SaveTool/psf.c",
				"ppsspp-master/Tools/SaveTool/README",
				"ppsspp-master/Tools/tag_release.sh",
				"ppsspp-master/ui_atlasscript.txt",
				"ppsspp-master/UI/AudioCommon.cpp",
				"ppsspp-master/UI/BackgroundAudio.cpp",
				"ppsspp-master/UI/ChatScreen.cpp",
				"ppsspp-master/UI/ControlMappingScreen.cpp",
				"ppsspp-master/UI/CustomButtonMappingScreen.cpp",
				"ppsspp-master/UI/CwCheatScreen.cpp",
				"ppsspp-master/UI/DarwinFileSystemServices.mm",
				"ppsspp-master/UI/DebugOverlay.cpp",
				"ppsspp-master/UI/DevScreens.cpp",
				"ppsspp-master/UI/DiscordIntegration.cpp",
				"ppsspp-master/UI/DisplayLayoutScreen.cpp",
				"ppsspp-master/UI/DriverManagerScreen.cpp",
				"ppsspp-master/UI/EmuScreen.cpp",
				"ppsspp-master/UI/GameInfoCache.cpp",
				"ppsspp-master/UI/GamepadEmu.cpp",
				"ppsspp-master/UI/GameScreen.cpp",
				"ppsspp-master/UI/GameSettingsScreen.cpp",
				"ppsspp-master/UI/GPUDriverTestScreen.cpp",
				"ppsspp-master/UI/InstallZipScreen.cpp",
				"ppsspp-master/UI/JitCompareScreen.cpp",
				"ppsspp-master/UI/JoystickHistoryView.cpp",
				"ppsspp-master/UI/MainScreen.cpp",
				"ppsspp-master/UI/MemStickScreen.cpp",
				"ppsspp-master/UI/MiscScreens.cpp",
				"ppsspp-master/UI/NativeApp.cpp",
				"ppsspp-master/UI/OnScreenDisplay.cpp",
				"ppsspp-master/UI/PauseScreen.cpp",
				"ppsspp-master/UI/ProfilerDraw.cpp",
				"ppsspp-master/UI/PSPNSApplicationDelegate.mm",
				"ppsspp-master/UI/RemoteISOScreen.cpp",
				"ppsspp-master/UI/ReportScreen.cpp",
				"ppsspp-master/UI/RetroAchievementScreens.cpp",
				"ppsspp-master/UI/SavedataScreen.cpp",
				"ppsspp-master/UI/Store.cpp",
				"ppsspp-master/UI/TabbedDialogScreen.cpp",
				"ppsspp-master/UI/Theme.cpp",
				"ppsspp-master/UI/TiltAnalogSettingsScreen.cpp",
				"ppsspp-master/UI/TouchControlLayoutScreen.cpp",
				"ppsspp-master/UI/TouchControlVisibilityScreen.cpp",
				"ppsspp-master/UI/UI.vcxproj",
				"ppsspp-master/UI/UI.vcxproj.filters",
				"ppsspp-master/unittest/JitHarness.cpp",
				"ppsspp-master/unittest/TestArm64Emitter.cpp",
				"ppsspp-master/unittest/TestArmEmitter.cpp",
				"ppsspp-master/unittest/TestIRPassSimplify.cpp",
				"ppsspp-master/unittest/TestRiscVEmitter.cpp",
				"ppsspp-master/unittest/TestShaderGenerators.cpp",
				"ppsspp-master/unittest/TestSoftwareGPUJit.cpp",
				"ppsspp-master/unittest/TestThreadManager.cpp",
				"ppsspp-master/unittest/TestVertexJit.cpp",
				"ppsspp-master/unittest/TestVFS.cpp",
				"ppsspp-master/unittest/TestX64Emitter.cpp",
				"ppsspp-master/unittest/UnitTest.cpp",
				"ppsspp-master/unittest/UnitTests.vcxproj",
				"ppsspp-master/unittest/UnitTests.vcxproj.filters",
				"ppsspp-master/UWP/.gitignore",
				"ppsspp-master/UWP/App.cpp",
				"ppsspp-master/UWP/Armips_UWP/Armips_UWP.vcxproj",
				"ppsspp-master/UWP/Armips_UWP/Armips_UWP.vcxproj.filters",
				"ppsspp-master/UWP/Armips_UWP/pch.cpp",
				"ppsspp-master/UWP/Assets/.empty",
				"ppsspp-master/UWP/AssetsGold/LockScreenLogo.scale-200.png",
				"ppsspp-master/UWP/AssetsGold/SplashScreen.scale-200.png",
				"ppsspp-master/UWP/AssetsGold/Square44x44Logo.scale-200.png",
				"ppsspp-master/UWP/AssetsGold/Square44x44Logo.targetsize-24_altform-unplated.png",
				"ppsspp-master/UWP/AssetsGold/Square150x150Logo.scale-200.png",
				"ppsspp-master/UWP/AssetsGold/StoreLogo.png",
				"ppsspp-master/UWP/AssetsGold/Wide310x150Logo.scale-200.png",
				"ppsspp-master/UWP/AssetsNormal/LockScreenLogo.scale-200.png",
				"ppsspp-master/UWP/AssetsNormal/SplashScreen.scale-200.png",
				"ppsspp-master/UWP/AssetsNormal/Square44x44Logo.scale-200.png",
				"ppsspp-master/UWP/AssetsNormal/Square44x44Logo.targetsize-24_altform-unplated.png",
				"ppsspp-master/UWP/AssetsNormal/Square150x150Logo.scale-200.png",
				"ppsspp-master/UWP/AssetsNormal/StoreLogo.png",
				"ppsspp-master/UWP/AssetsNormal/Wide310x150Logo.scale-200.png",
				"ppsspp-master/UWP/Common/DeviceResources.cpp",
				"ppsspp-master/UWP/CommonUWP/CommonUWP.cpp",
				"ppsspp-master/UWP/CommonUWP/CommonUWP.vcxproj",
				"ppsspp-master/UWP/CommonUWP/CommonUWP.vcxproj.filters",
				"ppsspp-master/UWP/CommonUWP/pch.cpp",
				"ppsspp-master/UWP/Content/.empty",
				"ppsspp-master/UWP/CoreUWP/CoreUWP.vcxproj",
				"ppsspp-master/UWP/CoreUWP/CoreUWP.vcxproj.filters",
				"ppsspp-master/UWP/CoreUWP/pch.cpp",
				"ppsspp-master/UWP/cpu_features_UWP/cpu_features_UWP.vcxproj",
				"ppsspp-master/UWP/cpu_features_UWP/cpu_features_UWP.vcxproj.filters",
				"ppsspp-master/UWP/cpu_features_UWP/pch.c",
				"ppsspp-master/UWP/glslang_UWP/glslang_UWP.vcxproj",
				"ppsspp-master/UWP/glslang_UWP/glslang_UWP.vcxproj.filters",
				"ppsspp-master/UWP/glslang_UWP/pch.cpp",
				"ppsspp-master/UWP/GPU_UWP/GPU_UWP.vcxproj",
				"ppsspp-master/UWP/GPU_UWP/GPU_UWP.vcxproj.filters",
				"ppsspp-master/UWP/GPU_UWP/pch.cpp",
				"ppsspp-master/UWP/imgconv.sh",
				"ppsspp-master/UWP/libchdr_UWP/libchdr_UWP.vcxproj",
				"ppsspp-master/UWP/libchdr_UWP/libchdr_UWP.vcxproj.filters",
				"ppsspp-master/UWP/libkirk_UWP/libkirk_UWP.vcxproj",
				"ppsspp-master/UWP/libkirk_UWP/libkirk_UWP.vcxproj.filters",
				"ppsspp-master/UWP/libkirk_UWP/pch.cpp",
				"ppsspp-master/UWP/libzstd_UWP/libzstd_UWP.vcxproj",
				"ppsspp-master/UWP/libzstd_UWP/libzstd_UWP.vcxproj.filters",
				"ppsspp-master/UWP/libzstd_UWP/pch.cpp",
				"ppsspp-master/UWP/miniupnpc_UWP/miniupnpc_UWP.vcxproj",
				"ppsspp-master/UWP/miniupnpc_UWP/miniupnpc_UWP.vcxproj.filters",
				"ppsspp-master/UWP/miniupnpc_UWP/pch.c",
				"ppsspp-master/UWP/NKCodeFromWindowsSystem.cpp",
				"ppsspp-master/UWP/Package.appxmanifest",
				"ppsspp-master/UWP/PackageGold.appxmanifest",
				"ppsspp-master/UWP/pch.cpp",
				"ppsspp-master/UWP/PPSSPP_UWP_TemporaryKey.pfx",
				"ppsspp-master/UWP/PPSSPP_UWP.sln",
				"ppsspp-master/UWP/PPSSPP_UWPMain.cpp",
				"ppsspp-master/UWP/rcheevos_UWP/rcheevos_UWP.vcxproj",
				"ppsspp-master/UWP/rcheevos_UWP/rcheevos_UWP.vcxproj.filters",
				"ppsspp-master/UWP/SPIRVCross_UWP/pch.cpp",
				"ppsspp-master/UWP/SPIRVCross_UWP/SPIRVCross_UWP.vcxproj",
				"ppsspp-master/UWP/SPIRVCross_UWP/SPIRVCross_UWP.vcxproj.filters",
				"ppsspp-master/UWP/UI_UWP/pch.cpp",
				"ppsspp-master/UWP/UI_UWP/UI_UWP.vcxproj",
				"ppsspp-master/UWP/UI_UWP/UI_UWP.vcxproj.filters",
				"ppsspp-master/UWP/UWP.vcxproj",
				"ppsspp-master/UWP/UWP.vcxproj.filters",
				"ppsspp-master/UWP/UWPHelpers/InputHelpers.cpp",
				"ppsspp-master/UWP/UWPHelpers/LaunchItem.cpp",
				"ppsspp-master/UWP/UWPHelpers/StorageAccess.cpp",
				"ppsspp-master/UWP/UWPHelpers/StorageAsync.cpp",
				"ppsspp-master/UWP/UWPHelpers/StorageManager.cpp",
				"ppsspp-master/UWP/UWPHelpers/StoragePickers.cpp",
				"ppsspp-master/UWP/XAudioSoundStream.cpp",
				"ppsspp-master/UWP/zlib_UWP/zlib_UWP.vcxproj",
				"ppsspp-master/UWP/zlib_UWP/zlib_UWP.vcxproj.filters",
				"ppsspp-master/Windows/.gitignore",
				"ppsspp-master/Windows/aboutbox.rc",
				"ppsspp-master/Windows/BreakpointSmall.ico",
				"ppsspp-master/Windows/build_windows.proj",
				"ppsspp-master/Windows/build-x64.cmd",
				"ppsspp-master/Windows/build-x86.cmd",
				"ppsspp-master/Windows/CaptureDevice.cpp",
				"ppsspp-master/Windows/debugger.txt",
				"ppsspp-master/Windows/Debugger/BreakpointWindow.cpp",
				"ppsspp-master/Windows/Debugger/CtrlDisAsmView.cpp",
				"ppsspp-master/Windows/Debugger/CtrlMemView.cpp",
				"ppsspp-master/Windows/Debugger/CtrlRegisterList.cpp",
				"ppsspp-master/Windows/Debugger/Debugger_Disasm.cpp",
				"ppsspp-master/Windows/Debugger/Debugger_Lists.cpp",
				"ppsspp-master/Windows/Debugger/Debugger_MemoryDlg.cpp",
				"ppsspp-master/Windows/Debugger/Debugger_VFPUDlg.cpp",
				"ppsspp-master/Windows/Debugger/DebuggerShared.cpp",
				"ppsspp-master/Windows/Debugger/DumpMemoryWindow.cpp",
				"ppsspp-master/Windows/Debugger/EditSymbolsWindow.cpp",
				"ppsspp-master/Windows/Debugger/WatchItemWindow.cpp",
				"ppsspp-master/Windows/DebugLog.bat",
				"ppsspp-master/Windows/DinputDevice.cpp",
				"ppsspp-master/Windows/DSoundStream.cpp",
				"ppsspp-master/Windows/EmuThread.cpp",
				"ppsspp-master/Windows/fix_2017.props",
				"ppsspp-master/Windows/GEDebugger/CtrlDisplayListView.cpp",
				"ppsspp-master/Windows/GEDebugger/GEDebugger.cpp",
				"ppsspp-master/Windows/GEDebugger/SimpleGLWindow.cpp",
				"ppsspp-master/Windows/GEDebugger/TabDisplayLists.cpp",
				"ppsspp-master/Windows/GEDebugger/TabState.cpp",
				"ppsspp-master/Windows/GEDebugger/TabVertices.cpp",
				"ppsspp-master/Windows/GEDebugger/VertexPreview.cpp",
				"ppsspp-master/Windows/git-version-gen.cmd",
				"ppsspp-master/Windows/GPU/D3D9Context.cpp",
				"ppsspp-master/Windows/GPU/D3D11Context.cpp",
				"ppsspp-master/Windows/GPU/WindowsGLContext.cpp",
				"ppsspp-master/Windows/GPU/WindowsVulkanContext.cpp",
				"ppsspp-master/Windows/icon1.ico",
				"ppsspp-master/Windows/InfoLog.bat",
				"ppsspp-master/Windows/InputBox.cpp",
				"ppsspp-master/Windows/InputDevice.cpp",
				"ppsspp-master/Windows/main.cpp",
				"ppsspp-master/Windows/MainWindow.cpp",
				"ppsspp-master/Windows/MainWindowMenu.cpp",
				"ppsspp-master/Windows/ppsspp_gold.ico",
				"ppsspp-master/Windows/ppsspp.ico",
				"ppsspp-master/Windows/PPSSPP.manifest",
				"ppsspp-master/Windows/ppsspp.rc",
				"ppsspp-master/Windows/PPSSPP.sln",
				"ppsspp-master/Windows/PPSSPP.vcxproj",
				"ppsspp-master/Windows/PPSSPP.vcxproj.filters",
				"ppsspp-master/Windows/RawInput.cpp",
				"ppsspp-master/Windows/README.TXT",
				"ppsspp-master/Windows/stdafx.cpp",
				"ppsspp-master/Windows/stop1.ico",
				"ppsspp-master/Windows/TouchInputHandler.cpp",
				"ppsspp-master/Windows/version.rc",
				"ppsspp-master/Windows/W32Util/ContextMenu.cpp",
				"ppsspp-master/Windows/W32Util/DarkMode.cpp",
				"ppsspp-master/Windows/W32Util/DialogManager.cpp",
				"ppsspp-master/Windows/W32Util/Misc.cpp",
				"ppsspp-master/Windows/W32Util/ShellUtil.cpp",
				"ppsspp-master/Windows/W32Util/TabControl.cpp",
				"ppsspp-master/Windows/W32Util/UAHMenuBar.cpp",
				"ppsspp-master/Windows/WASAPIStream.cpp",
				"ppsspp-master/Windows/WindowsAudio.cpp",
				"ppsspp-master/Windows/WindowsHost.cpp",
				"ppsspp-master/Windows/XinputDevice.cpp",
				"ppsspp-master/Windows/zipup.cmd",
			);
			target = 7B49F8F42CB45F200001979B /* RetroEmu */;
		};
		7B49F9172CB46E0F0001979B /* Exceptions for "RetroEmu" folder in "RetroEmu" target */ = {
			isa = PBXFileSystemSynchronizedBuildFileExceptionSet;
			attributesByRelativePath = {
				ppsspp_libretro.dylib = (Required, );
			};
			membershipExceptions = (
				Assets.xcassets,
				gow.iso,
				"Preview Content/Preview Assets.xcassets",
			);
			target = 7B49F8F42CB45F200001979B /* RetroEmu */;
		};
/* End PBXFileSystemSynchronizedBuildFileExceptionSet section */

/* Begin PBXFileSystemSynchronizedGroupBuildPhaseMembershipExceptionSet section */
		7B49F91A2CB46E3E0001979B /* Exceptions for "RetroEmu" folder in "Embed Libraries" phase from "RetroEmu" target */ = {
			isa = PBXFileSystemSynchronizedGroupBuildPhaseMembershipExceptionSet;
			attributesByRelativePath = {
				ppsspp_libretro.dylib = (CodeSignOnCopy, );
			};
			buildPhase = 7B49F9192CB46E3E0001979B /* Embed Libraries */;
			membershipExceptions = (
				ppsspp_libretro.dylib,
			);
		};
/* End PBXFileSystemSynchronizedGroupBuildPhaseMembershipExceptionSet section */

/* Begin PBXFileSystemSynchronizedRootGroup section */
		7B49F8F72CB45F200001979B /* RetroEmu */ = {
			isa = PBXFileSystemSynchronizedRootGroup;
			exceptions = (
				7B49F9172CB46E0F0001979B /* Exceptions for "RetroEmu" folder in "RetroEmu" target */,
				7B49F91A2CB46E3E0001979B /* Exceptions for "RetroEmu" folder in "Embed Libraries" phase from "RetroEmu" target */,
			);
			path = RetroEmu;
			sourceTree = "<group>";
		};
		7B49F91D2CB487F20001979B /* Resources */ = {
			isa = PBXFileSystemSynchronizedRootGroup;
			exceptions = (
				7B490AB62CB882250001979B /* Exceptions for "Resources" folder in "RetroEmu" target */,
			);
			path = Resources;
			sourceTree = "<group>";
		};
		7B49FA542CB4B97B0001979B /* Lib */ = {
			isa = PBXFileSystemSynchronizedRootGroup;
			exceptions = (
				7B490AB72CB882260001979B /* Exceptions for "Lib" folder in "RetroEmu" target */,
			);
			path = Lib;
			sourceTree = "<group>";
		};
/* End PBXFileSystemSynchronizedRootGroup section */

/* Begin PBXFrameworksBuildPhase section */
		7B49F8F22CB45F200001979B /* Frameworks */ = {
			isa = PBXFrameworksBuildPhase;
			buildActionMask = 2147483647;
			files = (
			);
			runOnlyForDeploymentPostprocessing = 0;
		};
/* End PBXFrameworksBuildPhase section */

/* Begin PBXGroup section */
		7B49F8EC2CB45F200001979B = {
			isa = PBXGroup;
			children = (
				7B49F91D2CB487F20001979B /* Resources */,
				7B49F8F72CB45F200001979B /* RetroEmu */,
				7B49F8F62CB45F200001979B /* Products */,
				7B49FA542CB4B97B0001979B /* Lib */,
			);
			sourceTree = "<group>";
		};
		7B49F8F62CB45F200001979B /* Products */ = {
			isa = PBXGroup;
			children = (
				7B49F8F52CB45F200001979B /* RetroEmu.app */,
			);
			name = Products;
			sourceTree = "<group>";
		};
/* End PBXGroup section */

/* Begin PBXNativeTarget section */
		7B49F8F42CB45F200001979B /* RetroEmu */ = {
			isa = PBXNativeTarget;
			buildConfigurationList = 7B49F9032CB45F210001979B /* Build configuration list for PBXNativeTarget "RetroEmu" */;
			buildPhases = (
				7B49F8F12CB45F200001979B /* Sources */,
				7B49F8F22CB45F200001979B /* Frameworks */,
				7B49F8F32CB45F200001979B /* Resources */,
				7B49F9192CB46E3E0001979B /* Embed Libraries */,
			);
			buildRules = (
			);
			dependencies = (
			);
			fileSystemSynchronizedGroups = (
				7B49F8F72CB45F200001979B /* RetroEmu */,
				7B49F91D2CB487F20001979B /* Resources */,
				7B49FA542CB4B97B0001979B /* Lib */,
			);
			name = RetroEmu;
			packageProductDependencies = (
			);
			productName = RetroBB;
			productReference = 7B49F8F52CB45F200001979B /* RetroEmu.app */;
			productType = "com.apple.product-type.application";
		};
/* End PBXNativeTarget section */

/* Begin PBXProject section */
		7B49F8ED2CB45F200001979B /* Project object */ = {
			isa = PBXProject;
			attributes = {
				BuildIndependentTargetsInParallel = 1;
				LastSwiftUpdateCheck = 1600;
				LastUpgradeCheck = 1600;
				TargetAttributes = {
					7B49F8F42CB45F200001979B = {
						CreatedOnToolsVersion = 16.0;
						LastSwiftMigration = 1600;
					};
				};
			};
			buildConfigurationList = 7B49F8F02CB45F200001979B /* Build configuration list for PBXProject "RetroEmu" */;
			developmentRegion = en;
			hasScannedForEncodings = 0;
			knownRegions = (
				en,
				Base,
			);
			mainGroup = 7B49F8EC2CB45F200001979B;
			minimizedProjectReferenceProxies = 1;
			preferredProjectObjectVersion = 77;
			productRefGroup = 7B49F8F62CB45F200001979B /* Products */;
			projectDirPath = "";
			projectRoot = "";
			targets = (
				7B49F8F42CB45F200001979B /* RetroEmu */,
			);
		};
/* End PBXProject section */

/* Begin PBXResourcesBuildPhase section */
		7B49F8F32CB45F200001979B /* Resources */ = {
			isa = PBXResourcesBuildPhase;
			buildActionMask = 2147483647;
			files = (
			);
			runOnlyForDeploymentPostprocessing = 0;
		};
/* End PBXResourcesBuildPhase section */

/* Begin PBXSourcesBuildPhase section */
		7B49F8F12CB45F200001979B /* Sources */ = {
			isa = PBXSourcesBuildPhase;
			buildActionMask = 2147483647;
			files = (
			);
			runOnlyForDeploymentPostprocessing = 0;
		};
/* End PBXSourcesBuildPhase section */

/* Begin XCBuildConfiguration section */
		7B49F9012CB45F210001979B /* Debug */ = {
			isa = XCBuildConfiguration;
			buildSettings = {
				ALWAYS_SEARCH_USER_PATHS = NO;
				ASSETCATALOG_COMPILER_GENERATE_SWIFT_ASSET_SYMBOL_EXTENSIONS = YES;
				CLANG_ANALYZER_NONNULL = YES;
				CLANG_ANALYZER_NUMBER_OBJECT_CONVERSION = YES_AGGRESSIVE;
				CLANG_CXX_LANGUAGE_STANDARD = "gnu++20";
				CLANG_ENABLE_MODULES = YES;
				CLANG_ENABLE_OBJC_ARC = YES;
				CLANG_ENABLE_OBJC_WEAK = YES;
				CLANG_WARN_BLOCK_CAPTURE_AUTORELEASING = YES;
				CLANG_WARN_BOOL_CONVERSION = YES;
				CLANG_WARN_COMMA = YES;
				CLANG_WARN_CONSTANT_CONVERSION = YES;
				CLANG_WARN_DEPRECATED_OBJC_IMPLEMENTATIONS = YES;
				CLANG_WARN_DIRECT_OBJC_ISA_USAGE = YES_ERROR;
				CLANG_WARN_DOCUMENTATION_COMMENTS = YES;
				CLANG_WARN_EMPTY_BODY = YES;
				CLANG_WARN_ENUM_CONVERSION = YES;
				CLANG_WARN_INFINITE_RECURSION = YES;
				CLANG_WARN_INT_CONVERSION = YES;
				CLANG_WARN_NON_LITERAL_NULL_CONVERSION = YES;
				CLANG_WARN_OBJC_IMPLICIT_RETAIN_SELF = YES;
				CLANG_WARN_OBJC_LITERAL_CONVERSION = YES;
				CLANG_WARN_OBJC_ROOT_CLASS = YES_ERROR;
				CLANG_WARN_QUOTED_INCLUDE_IN_FRAMEWORK_HEADER = YES;
				CLANG_WARN_RANGE_LOOP_ANALYSIS = YES;
				CLANG_WARN_STRICT_PROTOTYPES = YES;
				CLANG_WARN_SUSPICIOUS_MOVE = YES;
				CLANG_WARN_UNGUARDED_AVAILABILITY = YES_AGGRESSIVE;
				CLANG_WARN_UNREACHABLE_CODE = YES;
				CLANG_WARN__DUPLICATE_METHOD_MATCH = YES;
				COPY_PHASE_STRIP = NO;
				DEBUG_INFORMATION_FORMAT = dwarf;
				ENABLE_STRICT_OBJC_MSGSEND = YES;
				ENABLE_TESTABILITY = YES;
				ENABLE_USER_SCRIPT_SANDBOXING = YES;
				GCC_C_LANGUAGE_STANDARD = gnu17;
				GCC_DYNAMIC_NO_PIC = NO;
				GCC_NO_COMMON_BLOCKS = YES;
				GCC_OPTIMIZATION_LEVEL = 0;
				GCC_PREPROCESSOR_DEFINITIONS = (
					"DEBUG=1",
					"$(inherited)",
				);
				GCC_WARN_64_TO_32_BIT_CONVERSION = YES;
				GCC_WARN_ABOUT_RETURN_TYPE = YES_ERROR;
				GCC_WARN_UNDECLARED_SELECTOR = YES;
				GCC_WARN_UNINITIALIZED_AUTOS = YES_AGGRESSIVE;
				GCC_WARN_UNUSED_FUNCTION = YES;
				GCC_WARN_UNUSED_VARIABLE = YES;
				IPHONEOS_DEPLOYMENT_TARGET = 18.0;
				LOCALIZATION_PREFERS_STRING_CATALOGS = YES;
				MTL_ENABLE_DEBUG_INFO = INCLUDE_SOURCE;
				MTL_FAST_MATH = YES;
				ONLY_ACTIVE_ARCH = YES;
				SDKROOT = iphoneos;
				SWIFT_ACTIVE_COMPILATION_CONDITIONS = "DEBUG $(inherited)";
				SWIFT_OPTIMIZATION_LEVEL = "-Onone";
			};
			name = Debug;
		};
		7B49F9022CB45F210001979B /* Release */ = {
			isa = XCBuildConfiguration;
			buildSettings = {
				ALWAYS_SEARCH_USER_PATHS = NO;
				ASSETCATALOG_COMPILER_GENERATE_SWIFT_ASSET_SYMBOL_EXTENSIONS = YES;
				CLANG_ANALYZER_NONNULL = YES;
				CLANG_ANALYZER_NUMBER_OBJECT_CONVERSION = YES_AGGRESSIVE;
				CLANG_CXX_LANGUAGE_STANDARD = "gnu++20";
				CLANG_ENABLE_MODULES = YES;
				CLANG_ENABLE_OBJC_ARC = YES;
				CLANG_ENABLE_OBJC_WEAK = YES;
				CLANG_WARN_BLOCK_CAPTURE_AUTORELEASING = YES;
				CLANG_WARN_BOOL_CONVERSION = YES;
				CLANG_WARN_COMMA = YES;
				CLANG_WARN_CONSTANT_CONVERSION = YES;
				CLANG_WARN_DEPRECATED_OBJC_IMPLEMENTATIONS = YES;
				CLANG_WARN_DIRECT_OBJC_ISA_USAGE = YES_ERROR;
				CLANG_WARN_DOCUMENTATION_COMMENTS = YES;
				CLANG_WARN_EMPTY_BODY = YES;
				CLANG_WARN_ENUM_CONVERSION = YES;
				CLANG_WARN_INFINITE_RECURSION = YES;
				CLANG_WARN_INT_CONVERSION = YES;
				CLANG_WARN_NON_LITERAL_NULL_CONVERSION = YES;
				CLANG_WARN_OBJC_IMPLICIT_RETAIN_SELF = YES;
				CLANG_WARN_OBJC_LITERAL_CONVERSION = YES;
				CLANG_WARN_OBJC_ROOT_CLASS = YES_ERROR;
				CLANG_WARN_QUOTED_INCLUDE_IN_FRAMEWORK_HEADER = YES;
				CLANG_WARN_RANGE_LOOP_ANALYSIS = YES;
				CLANG_WARN_STRICT_PROTOTYPES = YES;
				CLANG_WARN_SUSPICIOUS_MOVE = YES;
				CLANG_WARN_UNGUARDED_AVAILABILITY = YES_AGGRESSIVE;
				CLANG_WARN_UNREACHABLE_CODE = YES;
				CLANG_WARN__DUPLICATE_METHOD_MATCH = YES;
				COPY_PHASE_STRIP = NO;
				DEBUG_INFORMATION_FORMAT = "dwarf-with-dsym";
				ENABLE_NS_ASSERTIONS = NO;
				ENABLE_STRICT_OBJC_MSGSEND = YES;
				ENABLE_USER_SCRIPT_SANDBOXING = YES;
				GCC_C_LANGUAGE_STANDARD = gnu17;
				GCC_NO_COMMON_BLOCKS = YES;
				GCC_WARN_64_TO_32_BIT_CONVERSION = YES;
				GCC_WARN_ABOUT_RETURN_TYPE = YES_ERROR;
				GCC_WARN_UNDECLARED_SELECTOR = YES;
				GCC_WARN_UNINITIALIZED_AUTOS = YES_AGGRESSIVE;
				GCC_WARN_UNUSED_FUNCTION = YES;
				GCC_WARN_UNUSED_VARIABLE = YES;
				IPHONEOS_DEPLOYMENT_TARGET = 18.0;
				LOCALIZATION_PREFERS_STRING_CATALOGS = YES;
				MTL_ENABLE_DEBUG_INFO = NO;
				MTL_FAST_MATH = YES;
				SDKROOT = iphoneos;
				SWIFT_COMPILATION_MODE = wholemodule;
				VALIDATE_PRODUCT = YES;
			};
			name = Release;
		};
		7B49F9042CB45F210001979B /* Debug */ = {
			isa = XCBuildConfiguration;
			buildSettings = {
				ASSETCATALOG_COMPILER_APPICON_NAME = AppIcon;
				ASSETCATALOG_COMPILER_GLOBAL_ACCENT_COLOR_NAME = AccentColor;
				CLANG_ENABLE_MODULES = YES;
				CODE_SIGN_IDENTITY = "Apple Development";
				CODE_SIGN_STYLE = Automatic;
				CURRENT_PROJECT_VERSION = 1;
				DEVELOPMENT_ASSET_PATHS = "";
				DEVELOPMENT_TEAM = 3B468RG7H6;
				ENABLE_PREVIEWS = YES;
				GENERATE_INFOPLIST_FILE = YES;
				INFOPLIST_KEY_UIApplicationSceneManifest_Generation = YES;
				INFOPLIST_KEY_UIApplicationSupportsIndirectInputEvents = YES;
				INFOPLIST_KEY_UILaunchScreen_Generation = YES;
				INFOPLIST_KEY_UISupportedInterfaceOrientations_iPad = "UIInterfaceOrientationPortrait UIInterfaceOrientationPortraitUpsideDown UIInterfaceOrientationLandscapeLeft UIInterfaceOrientationLandscapeRight";
				INFOPLIST_KEY_UISupportedInterfaceOrientations_iPhone = "UIInterfaceOrientationPortrait UIInterfaceOrientationLandscapeLeft UIInterfaceOrientationLandscapeRight";
				LD_RUNPATH_SEARCH_PATHS = (
					"$(inherited)",
					"@executable_path/Frameworks",
				);
				LIBRARY_SEARCH_PATHS = (
					"$(inherited)",
					"$(PROJECT_DIR)/RetroBB",
					"$(PROJECT_DIR)/Lib/ppsspp-master/ext/vulkan/iOS/Frameworks",
					"$(PROJECT_DIR)/Lib/ppsspp-master/ext/vulkan/macOS/Frameworks",
					"$(PROJECT_DIR)/RetroEmu",
				);
				MARKETING_VERSION = 1.0;
				PRODUCT_BUNDLE_IDENTIFIER = com.btn0s.RetroEmu;
				PRODUCT_NAME = "$(TARGET_NAME)";
				PROVISIONING_PROFILE_SPECIFIER = "";
				SWIFT_EMIT_LOC_STRINGS = YES;
				SWIFT_OBJC_BRIDGING_HEADER = "RetroEmu/RetroEmu-Bridging-Header.h";
				SWIFT_OPTIMIZATION_LEVEL = "-Onone";
				SWIFT_VERSION = 5.0;
				TARGETED_DEVICE_FAMILY = "1,2";
			};
			name = Debug;
		};
		7B49F9052CB45F210001979B /* Release */ = {
			isa = XCBuildConfiguration;
			buildSettings = {
				ASSETCATALOG_COMPILER_APPICON_NAME = AppIcon;
				ASSETCATALOG_COMPILER_GLOBAL_ACCENT_COLOR_NAME = AccentColor;
				CLANG_ENABLE_MODULES = YES;
				CODE_SIGN_IDENTITY = "Apple Development";
				CODE_SIGN_STYLE = Automatic;
				CURRENT_PROJECT_VERSION = 1;
				DEVELOPMENT_ASSET_PATHS = "";
				DEVELOPMENT_TEAM = 3B468RG7H6;
				ENABLE_PREVIEWS = YES;
				GENERATE_INFOPLIST_FILE = YES;
				INFOPLIST_KEY_UIApplicationSceneManifest_Generation = YES;
				INFOPLIST_KEY_UIApplicationSupportsIndirectInputEvents = YES;
				INFOPLIST_KEY_UILaunchScreen_Generation = YES;
				INFOPLIST_KEY_UISupportedInterfaceOrientations_iPad = "UIInterfaceOrientationPortrait UIInterfaceOrientationPortraitUpsideDown UIInterfaceOrientationLandscapeLeft UIInterfaceOrientationLandscapeRight";
				INFOPLIST_KEY_UISupportedInterfaceOrientations_iPhone = "UIInterfaceOrientationPortrait UIInterfaceOrientationLandscapeLeft UIInterfaceOrientationLandscapeRight";
				LD_RUNPATH_SEARCH_PATHS = (
					"$(inherited)",
					"@executable_path/Frameworks",
				);
				LIBRARY_SEARCH_PATHS = (
					"$(inherited)",
					"$(PROJECT_DIR)/RetroBB",
					"$(PROJECT_DIR)/Lib/ppsspp-master/ext/vulkan/iOS/Frameworks",
					"$(PROJECT_DIR)/Lib/ppsspp-master/ext/vulkan/macOS/Frameworks",
					"$(PROJECT_DIR)/RetroEmu",
				);
				MARKETING_VERSION = 1.0;
				PRODUCT_BUNDLE_IDENTIFIER = com.btn0s.RetroEmu;
				PRODUCT_NAME = "$(TARGET_NAME)";
				PROVISIONING_PROFILE_SPECIFIER = "";
				SWIFT_EMIT_LOC_STRINGS = YES;
				SWIFT_OBJC_BRIDGING_HEADER = "RetroEmu/RetroEmu-Bridging-Header.h";
				SWIFT_VERSION = 5.0;
				TARGETED_DEVICE_FAMILY = "1,2";
			};
			name = Release;
		};
/* End XCBuildConfiguration section */

/* Begin XCConfigurationList section */
		7B49F8F02CB45F200001979B /* Build configuration list for PBXProject "RetroEmu" */ = {
			isa = XCConfigurationList;
			buildConfigurations = (
				7B49F9012CB45F210001979B /* Debug */,
				7B49F9022CB45F210001979B /* Release */,
			);
			defaultConfigurationIsVisible = 0;
			defaultConfigurationName = Release;
		};
		7B49F9032CB45F210001979B /* Build configuration list for PBXNativeTarget "RetroEmu" */ = {
			isa = XCConfigurationList;
			buildConfigurations = (
				7B49F9042CB45F210001979B /* Debug */,
				7B49F9052CB45F210001979B /* Release */,
			);
			defaultConfigurationIsVisible = 0;
			defaultConfigurationName = Release;
		};
/* End XCConfigurationList section */
	};
	rootObject = 7B49F8ED2CB45F200001979B /* Project object */;
}
